// !$*UTF8*$!
{
	archiveVersion = 1;
	classes = {
	};
	objectVersion = 55;
	objects = {

/* Begin PBXBuildFile section */
		25ABA7412A3D19F700549BE5 /* AppDelegate.swift in Sources */ = {isa = PBXBuildFile; fileRef = 25ABA7402A3D19F700549BE5 /* AppDelegate.swift */; };
		25ABA7432A3D19F700549BE5 /* GameViewController.swift in Sources */ = {isa = PBXBuildFile; fileRef = 25ABA7422A3D19F700549BE5 /* GameViewController.swift */; };
		25ABA7462A3D19F700549BE5 /* Main.storyboard in Resources */ = {isa = PBXBuildFile; fileRef = 25ABA7442A3D19F700549BE5 /* Main.storyboard */; };
		25ABA7492A3D19F700549BE5 /* LaunchScreen.storyboard in Resources */ = {isa = PBXBuildFile; fileRef = 25ABA7472A3D19F700549BE5 /* LaunchScreen.storyboard */; };
		25ABA74D2A3D19F700549BE5 /* kittenDrop.app in Embed Watch Content */ = {isa = PBXBuildFile; fileRef = 25ABA74C2A3D19F700549BE5 /* kittenDrop.app */; settings = {ATTRIBUTES = (RemoveHeadersOnCopy, ); }; };
		25ABA7532A3D19F700549BE5 /* Interface.storyboard in Resources */ = {isa = PBXBuildFile; fileRef = 25ABA7512A3D19F700549BE5 /* Interface.storyboard */; };
		25ABA7592A3D19F700549BE5 /* kittenDrop Extension.appex in Embed App Extensions */ = {isa = PBXBuildFile; fileRef = 25ABA7582A3D19F700549BE5 /* kittenDrop Extension.appex */; settings = {ATTRIBUTES = (RemoveHeadersOnCopy, ); }; };
		25ABA75E2A3D19F700549BE5 /* InterfaceController.swift in Sources */ = {isa = PBXBuildFile; fileRef = 25ABA75D2A3D19F700549BE5 /* InterfaceController.swift */; };
		25ABA7602A3D19F700549BE5 /* ExtensionDelegate.swift in Sources */ = {isa = PBXBuildFile; fileRef = 25ABA75F2A3D19F700549BE5 /* ExtensionDelegate.swift */; };
		25ABA7692A3D19F700549BE5 /* AppDelegate.swift in Sources */ = {isa = PBXBuildFile; fileRef = 25ABA7682A3D19F700549BE5 /* AppDelegate.swift */; };
		25ABA76B2A3D19F700549BE5 /* GameViewController.swift in Sources */ = {isa = PBXBuildFile; fileRef = 25ABA76A2A3D19F700549BE5 /* GameViewController.swift */; };
		25ABA76E2A3D19F700549BE5 /* Main.storyboard in Resources */ = {isa = PBXBuildFile; fileRef = 25ABA76C2A3D19F700549BE5 /* Main.storyboard */; };
		25ABA7712A3D19F700549BE5 /* LaunchScreen.storyboard in Resources */ = {isa = PBXBuildFile; fileRef = 25ABA76F2A3D19F700549BE5 /* LaunchScreen.storyboard */; };
		25ABA7792A3D19F700549BE5 /* AppDelegate.swift in Sources */ = {isa = PBXBuildFile; fileRef = 25ABA7782A3D19F700549BE5 /* AppDelegate.swift */; };
		25ABA77B2A3D19F700549BE5 /* GameViewController.swift in Sources */ = {isa = PBXBuildFile; fileRef = 25ABA77A2A3D19F700549BE5 /* GameViewController.swift */; };
		25ABA77E2A3D19F700549BE5 /* Main.storyboard in Resources */ = {isa = PBXBuildFile; fileRef = 25ABA77C2A3D19F700549BE5 /* Main.storyboard */; };
		25ABA7802A3D19F700549BE5 /* Actions.sks in Resources */ = {isa = PBXBuildFile; fileRef = 25ABA7352A3D19F400549BE5 /* Actions.sks */; };
		25ABA7812A3D19F700549BE5 /* Actions.sks in Resources */ = {isa = PBXBuildFile; fileRef = 25ABA7352A3D19F400549BE5 /* Actions.sks */; };
		25ABA7822A3D19F700549BE5 /* Actions.sks in Resources */ = {isa = PBXBuildFile; fileRef = 25ABA7352A3D19F400549BE5 /* Actions.sks */; };
		25ABA7832A3D19F700549BE5 /* GameScene.sks in Resources */ = {isa = PBXBuildFile; fileRef = 25ABA7362A3D19F400549BE5 /* GameScene.sks */; };
		25ABA7842A3D19F700549BE5 /* GameScene.sks in Resources */ = {isa = PBXBuildFile; fileRef = 25ABA7362A3D19F400549BE5 /* GameScene.sks */; };
		25ABA7852A3D19F700549BE5 /* GameScene.sks in Resources */ = {isa = PBXBuildFile; fileRef = 25ABA7362A3D19F400549BE5 /* GameScene.sks */; };
		25ABA7862A3D19F700549BE5 /* GameScene.sks in Resources */ = {isa = PBXBuildFile; fileRef = 25ABA7362A3D19F400549BE5 /* GameScene.sks */; };
		25ABA7872A3D19F700549BE5 /* GameScene.swift in Sources */ = {isa = PBXBuildFile; fileRef = 25ABA7372A3D19F400549BE5 /* GameScene.swift */; };
		25ABA7882A3D19F700549BE5 /* GameScene.swift in Sources */ = {isa = PBXBuildFile; fileRef = 25ABA7372A3D19F400549BE5 /* GameScene.swift */; };
		25ABA7892A3D19F700549BE5 /* GameScene.swift in Sources */ = {isa = PBXBuildFile; fileRef = 25ABA7372A3D19F400549BE5 /* GameScene.swift */; };
		25ABA78A2A3D19F700549BE5 /* GameScene.swift in Sources */ = {isa = PBXBuildFile; fileRef = 25ABA7372A3D19F400549BE5 /* GameScene.swift */; };
		25ABA78B2A3D19F700549BE5 /* Assets.xcassets in Resources */ = {isa = PBXBuildFile; fileRef = 25ABA7382A3D19F700549BE5 /* Assets.xcassets */; };
		25ABA78C2A3D19F700549BE5 /* Assets.xcassets in Resources */ = {isa = PBXBuildFile; fileRef = 25ABA7382A3D19F700549BE5 /* Assets.xcassets */; };
		25ABA78D2A3D19F700549BE5 /* Assets.xcassets in Resources */ = {isa = PBXBuildFile; fileRef = 25ABA7382A3D19F700549BE5 /* Assets.xcassets */; };
		25ABA78E2A3D19F700549BE5 /* Assets.xcassets in Resources */ = {isa = PBXBuildFile; fileRef = 25ABA7382A3D19F700549BE5 /* Assets.xcassets */; };
/* End PBXBuildFile section */

/* Begin PBXContainerItemProxy section */
		25ABA74E2A3D19F700549BE5 /* PBXContainerItemProxy */ = {
			isa = PBXContainerItemProxy;
			containerPortal = 25ABA7302A3D19F400549BE5 /* Project object */;
			proxyType = 1;
			remoteGlobalIDString = 25ABA74B2A3D19F700549BE5;
			remoteInfo = "kittenDrop watchOS App";
		};
		25ABA75A2A3D19F700549BE5 /* PBXContainerItemProxy */ = {
			isa = PBXContainerItemProxy;
			containerPortal = 25ABA7302A3D19F400549BE5 /* Project object */;
			proxyType = 1;
			remoteGlobalIDString = 25ABA7572A3D19F700549BE5;
			remoteInfo = "kittenDrop watchOS App Extension";
		};
/* End PBXContainerItemProxy section */

/* Begin PBXCopyFilesBuildPhase section */
		25ABA7942A3D19F700549BE5 /* Embed App Extensions */ = {
			isa = PBXCopyFilesBuildPhase;
			buildActionMask = 2147483647;
			dstPath = "";
			dstSubfolderSpec = 13;
			files = (
				25ABA7592A3D19F700549BE5 /* kittenDrop Extension.appex in Embed App Extensions */,
			);
			name = "Embed App Extensions";
			runOnlyForDeploymentPostprocessing = 0;
		};
		25ABA7982A3D19F700549BE5 /* Embed Watch Content */ = {
			isa = PBXCopyFilesBuildPhase;
			buildActionMask = 2147483647;
			dstPath = "$(CONTENTS_FOLDER_PATH)/Watch";
			dstSubfolderSpec = 16;
			files = (
				25ABA74D2A3D19F700549BE5 /* kittenDrop.app in Embed Watch Content */,
			);
			name = "Embed Watch Content";
			runOnlyForDeploymentPostprocessing = 0;
		};
/* End PBXCopyFilesBuildPhase section */

/* Begin PBXFileReference section */
		25ABA7352A3D19F400549BE5 /* Actions.sks */ = {isa = PBXFileReference; lastKnownFileType = file.sks; path = Actions.sks; sourceTree = "<group>"; };
		25ABA7362A3D19F400549BE5 /* GameScene.sks */ = {isa = PBXFileReference; lastKnownFileType = file.sks; path = GameScene.sks; sourceTree = "<group>"; };
		25ABA7372A3D19F400549BE5 /* GameScene.swift */ = {isa = PBXFileReference; lastKnownFileType = sourcecode.swift; path = GameScene.swift; sourceTree = "<group>"; };
		25ABA7382A3D19F700549BE5 /* Assets.xcassets */ = {isa = PBXFileReference; lastKnownFileType = folder.assetcatalog; path = Assets.xcassets; sourceTree = "<group>"; };
		25ABA73D2A3D19F700549BE5 /* kittenDrop.app */ = {isa = PBXFileReference; explicitFileType = wrapper.application; includeInIndex = 0; path = kittenDrop.app; sourceTree = BUILT_PRODUCTS_DIR; };
		25ABA7402A3D19F700549BE5 /* AppDelegate.swift */ = {isa = PBXFileReference; lastKnownFileType = sourcecode.swift; path = AppDelegate.swift; sourceTree = "<group>"; };
		25ABA7422A3D19F700549BE5 /* GameViewController.swift */ = {isa = PBXFileReference; lastKnownFileType = sourcecode.swift; path = GameViewController.swift; sourceTree = "<group>"; };
		25ABA7452A3D19F700549BE5 /* Base */ = {isa = PBXFileReference; lastKnownFileType = file.storyboard; name = Base; path = Base.lproj/Main.storyboard; sourceTree = "<group>"; };
		25ABA7482A3D19F700549BE5 /* Base */ = {isa = PBXFileReference; lastKnownFileType = file.storyboard; name = Base; path = Base.lproj/LaunchScreen.storyboard; sourceTree = "<group>"; };
		25ABA74C2A3D19F700549BE5 /* kittenDrop.app */ = {isa = PBXFileReference; explicitFileType = wrapper.application; includeInIndex = 0; path = kittenDrop.app; sourceTree = BUILT_PRODUCTS_DIR; };
		25ABA7522A3D19F700549BE5 /* Base */ = {isa = PBXFileReference; lastKnownFileType = file.storyboard; name = Base; path = Base.lproj/Interface.storyboard; sourceTree = "<group>"; };
		25ABA7582A3D19F700549BE5 /* kittenDrop Extension.appex */ = {isa = PBXFileReference; explicitFileType = "wrapper.app-extension"; includeInIndex = 0; path = "kittenDrop Extension.appex"; sourceTree = BUILT_PRODUCTS_DIR; };
		25ABA75D2A3D19F700549BE5 /* InterfaceController.swift */ = {isa = PBXFileReference; lastKnownFileType = sourcecode.swift; path = InterfaceController.swift; sourceTree = "<group>"; };
		25ABA75F2A3D19F700549BE5 /* ExtensionDelegate.swift */ = {isa = PBXFileReference; lastKnownFileType = sourcecode.swift; path = ExtensionDelegate.swift; sourceTree = "<group>"; };
		25ABA7612A3D19F700549BE5 /* Info.plist */ = {isa = PBXFileReference; lastKnownFileType = text.plist.xml; path = Info.plist; sourceTree = "<group>"; };
		25ABA7662A3D19F700549BE5 /* kittenDrop.app */ = {isa = PBXFileReference; explicitFileType = wrapper.application; includeInIndex = 0; path = kittenDrop.app; sourceTree = BUILT_PRODUCTS_DIR; };
		25ABA7682A3D19F700549BE5 /* AppDelegate.swift */ = {isa = PBXFileReference; lastKnownFileType = sourcecode.swift; path = AppDelegate.swift; sourceTree = "<group>"; };
		25ABA76A2A3D19F700549BE5 /* GameViewController.swift */ = {isa = PBXFileReference; lastKnownFileType = sourcecode.swift; path = GameViewController.swift; sourceTree = "<group>"; };
		25ABA76D2A3D19F700549BE5 /* Base */ = {isa = PBXFileReference; lastKnownFileType = file.storyboard; name = Base; path = Base.lproj/Main.storyboard; sourceTree = "<group>"; };
		25ABA7702A3D19F700549BE5 /* Base */ = {isa = PBXFileReference; lastKnownFileType = file.storyboard; name = Base; path = Base.lproj/LaunchScreen.storyboard; sourceTree = "<group>"; };
		25ABA7762A3D19F700549BE5 /* kittenDrop.app */ = {isa = PBXFileReference; explicitFileType = wrapper.application; includeInIndex = 0; path = kittenDrop.app; sourceTree = BUILT_PRODUCTS_DIR; };
		25ABA7782A3D19F700549BE5 /* AppDelegate.swift */ = {isa = PBXFileReference; lastKnownFileType = sourcecode.swift; path = AppDelegate.swift; sourceTree = "<group>"; };
		25ABA77A2A3D19F700549BE5 /* GameViewController.swift */ = {isa = PBXFileReference; lastKnownFileType = sourcecode.swift; path = GameViewController.swift; sourceTree = "<group>"; };
		25ABA77D2A3D19F700549BE5 /* Base */ = {isa = PBXFileReference; lastKnownFileType = file.storyboard; name = Base; path = Base.lproj/Main.storyboard; sourceTree = "<group>"; };
		25ABA77F2A3D19F700549BE5 /* kittenDrop_macOS.entitlements */ = {isa = PBXFileReference; lastKnownFileType = text.plist.entitlements; path = kittenDrop_macOS.entitlements; sourceTree = "<group>"; };
/* End PBXFileReference section */

/* Begin PBXFrameworksBuildPhase section */
		25ABA73A2A3D19F700549BE5 /* Frameworks */ = {
			isa = PBXFrameworksBuildPhase;
			buildActionMask = 2147483647;
			files = (
			);
			runOnlyForDeploymentPostprocessing = 0;
		};
		25ABA7552A3D19F700549BE5 /* Frameworks */ = {
			isa = PBXFrameworksBuildPhase;
			buildActionMask = 2147483647;
			files = (
			);
			runOnlyForDeploymentPostprocessing = 0;
		};
		25ABA7632A3D19F700549BE5 /* Frameworks */ = {
			isa = PBXFrameworksBuildPhase;
			buildActionMask = 2147483647;
			files = (
			);
			runOnlyForDeploymentPostprocessing = 0;
		};
		25ABA7732A3D19F700549BE5 /* Frameworks */ = {
			isa = PBXFrameworksBuildPhase;
			buildActionMask = 2147483647;
			files = (
			);
			runOnlyForDeploymentPostprocessing = 0;
		};
/* End PBXFrameworksBuildPhase section */

/* Begin PBXGroup section */
		25ABA72F2A3D19F400549BE5 = {
			isa = PBXGroup;
			children = (
				25ABA7342A3D19F400549BE5 /* kittenDrop Shared */,
				25ABA73F2A3D19F700549BE5 /* kittenDrop iOS */,
				25ABA7502A3D19F700549BE5 /* kittenDrop watchOS App */,
				25ABA75C2A3D19F700549BE5 /* kittenDrop watchOS App Extension */,
				25ABA7672A3D19F700549BE5 /* kittenDrop tvOS */,
				25ABA7772A3D19F700549BE5 /* kittenDrop macOS */,
				25ABA73E2A3D19F700549BE5 /* Products */,
			);
			sourceTree = "<group>";
		};
		25ABA7342A3D19F400549BE5 /* kittenDrop Shared */ = {
			isa = PBXGroup;
			children = (
				25ABA7352A3D19F400549BE5 /* Actions.sks */,
				25ABA7362A3D19F400549BE5 /* GameScene.sks */,
				25ABA7372A3D19F400549BE5 /* GameScene.swift */,
				25ABA7382A3D19F700549BE5 /* Assets.xcassets */,
			);
			path = "kittenDrop Shared";
			sourceTree = "<group>";
		};
		25ABA73E2A3D19F700549BE5 /* Products */ = {
			isa = PBXGroup;
			children = (
				25ABA73D2A3D19F700549BE5 /* kittenDrop.app */,
				25ABA74C2A3D19F700549BE5 /* kittenDrop.app */,
				25ABA7582A3D19F700549BE5 /* kittenDrop Extension.appex */,
				25ABA7662A3D19F700549BE5 /* kittenDrop.app */,
				25ABA7762A3D19F700549BE5 /* kittenDrop.app */,
			);
			name = Products;
			sourceTree = "<group>";
		};
		25ABA73F2A3D19F700549BE5 /* kittenDrop iOS */ = {
			isa = PBXGroup;
			children = (
				25ABA7402A3D19F700549BE5 /* AppDelegate.swift */,
				25ABA7422A3D19F700549BE5 /* GameViewController.swift */,
				25ABA7442A3D19F700549BE5 /* Main.storyboard */,
				25ABA7472A3D19F700549BE5 /* LaunchScreen.storyboard */,
			);
			path = "kittenDrop iOS";
			sourceTree = "<group>";
		};
		25ABA7502A3D19F700549BE5 /* kittenDrop watchOS App */ = {
			isa = PBXGroup;
			children = (
				25ABA7512A3D19F700549BE5 /* Interface.storyboard */,
			);
			path = "kittenDrop watchOS App";
			sourceTree = "<group>";
		};
		25ABA75C2A3D19F700549BE5 /* kittenDrop watchOS App Extension */ = {
			isa = PBXGroup;
			children = (
				25ABA75D2A3D19F700549BE5 /* InterfaceController.swift */,
				25ABA75F2A3D19F700549BE5 /* ExtensionDelegate.swift */,
				25ABA7612A3D19F700549BE5 /* Info.plist */,
			);
			path = "kittenDrop watchOS App Extension";
			sourceTree = "<group>";
		};
		25ABA7672A3D19F700549BE5 /* kittenDrop tvOS */ = {
			isa = PBXGroup;
			children = (
				25ABA7682A3D19F700549BE5 /* AppDelegate.swift */,
				25ABA76A2A3D19F700549BE5 /* GameViewController.swift */,
				25ABA76C2A3D19F700549BE5 /* Main.storyboard */,
				25ABA76F2A3D19F700549BE5 /* LaunchScreen.storyboard */,
			);
			path = "kittenDrop tvOS";
			sourceTree = "<group>";
		};
		25ABA7772A3D19F700549BE5 /* kittenDrop macOS */ = {
			isa = PBXGroup;
			children = (
				25ABA7782A3D19F700549BE5 /* AppDelegate.swift */,
				25ABA77A2A3D19F700549BE5 /* GameViewController.swift */,
				25ABA77C2A3D19F700549BE5 /* Main.storyboard */,
				25ABA77F2A3D19F700549BE5 /* kittenDrop_macOS.entitlements */,
			);
			path = "kittenDrop macOS";
			sourceTree = "<group>";
		};
/* End PBXGroup section */

/* Begin PBXNativeTarget section */
		25ABA73C2A3D19F700549BE5 /* kittenDrop iOS */ = {
			isa = PBXNativeTarget;
			buildConfigurationList = 25ABA7992A3D19F700549BE5 /* Build configuration list for PBXNativeTarget "kittenDrop iOS" */;
			buildPhases = (
				25ABA7392A3D19F700549BE5 /* Sources */,
				25ABA73A2A3D19F700549BE5 /* Frameworks */,
				25ABA73B2A3D19F700549BE5 /* Resources */,
				25ABA7982A3D19F700549BE5 /* Embed Watch Content */,
			);
			buildRules = (
			);
			dependencies = (
				25ABA74F2A3D19F700549BE5 /* PBXTargetDependency */,
			);
			name = "kittenDrop iOS";
			productName = "kittenDrop iOS";
			productReference = 25ABA73D2A3D19F700549BE5 /* kittenDrop.app */;
			productType = "com.apple.product-type.application";
		};
		25ABA74B2A3D19F700549BE5 /* kittenDrop watchOS App */ = {
			isa = PBXNativeTarget;
			buildConfigurationList = 25ABA7952A3D19F700549BE5 /* Build configuration list for PBXNativeTarget "kittenDrop watchOS App" */;
			buildPhases = (
				25ABA74A2A3D19F700549BE5 /* Resources */,
				25ABA7942A3D19F700549BE5 /* Embed App Extensions */,
			);
			buildRules = (
			);
			dependencies = (
				25ABA75B2A3D19F700549BE5 /* PBXTargetDependency */,
			);
			name = "kittenDrop watchOS App";
			productName = "kittenDrop watchOS App";
			productReference = 25ABA74C2A3D19F700549BE5 /* kittenDrop.app */;
			productType = "com.apple.product-type.application.watchapp2";
		};
		25ABA7572A3D19F700549BE5 /* kittenDrop watchOS App Extension */ = {
			isa = PBXNativeTarget;
			buildConfigurationList = 25ABA7912A3D19F700549BE5 /* Build configuration list for PBXNativeTarget "kittenDrop watchOS App Extension" */;
			buildPhases = (
				25ABA7542A3D19F700549BE5 /* Sources */,
				25ABA7552A3D19F700549BE5 /* Frameworks */,
				25ABA7562A3D19F700549BE5 /* Resources */,
			);
			buildRules = (
			);
			dependencies = (
			);
			name = "kittenDrop watchOS App Extension";
			productName = "kittenDrop watchOS App Extension";
			productReference = 25ABA7582A3D19F700549BE5 /* kittenDrop Extension.appex */;
			productType = "com.apple.product-type.watchkit2-extension";
		};
		25ABA7652A3D19F700549BE5 /* kittenDrop tvOS */ = {
			isa = PBXNativeTarget;
			buildConfigurationList = 25ABA79C2A3D19F700549BE5 /* Build configuration list for PBXNativeTarget "kittenDrop tvOS" */;
			buildPhases = (
				25ABA7622A3D19F700549BE5 /* Sources */,
				25ABA7632A3D19F700549BE5 /* Frameworks */,
				25ABA7642A3D19F700549BE5 /* Resources */,
			);
			buildRules = (
			);
			dependencies = (
			);
			name = "kittenDrop tvOS";
			productName = "kittenDrop tvOS";
			productReference = 25ABA7662A3D19F700549BE5 /* kittenDrop.app */;
			productType = "com.apple.product-type.application";
		};
		25ABA7752A3D19F700549BE5 /* kittenDrop macOS */ = {
			isa = PBXNativeTarget;
			buildConfigurationList = 25ABA79F2A3D19F700549BE5 /* Build configuration list for PBXNativeTarget "kittenDrop macOS" */;
			buildPhases = (
				25ABA7722A3D19F700549BE5 /* Sources */,
				25ABA7732A3D19F700549BE5 /* Frameworks */,
				25ABA7742A3D19F700549BE5 /* Resources */,
			);
			buildRules = (
			);
			dependencies = (
			);
			name = "kittenDrop macOS";
			productName = "kittenDrop macOS";
			productReference = 25ABA7762A3D19F700549BE5 /* kittenDrop.app */;
			productType = "com.apple.product-type.application";
		};
/* End PBXNativeTarget section */

/* Begin PBXProject section */
		25ABA7302A3D19F400549BE5 /* Project object */ = {
			isa = PBXProject;
			attributes = {
				BuildIndependentTargetsInParallel = 1;
				LastSwiftUpdateCheck = 1340;
				LastUpgradeCheck = 1340;
				TargetAttributes = {
					25ABA73C2A3D19F700549BE5 = {
						CreatedOnToolsVersion = 13.4.1;
					};
					25ABA74B2A3D19F700549BE5 = {
						CreatedOnToolsVersion = 13.4.1;
					};
					25ABA7572A3D19F700549BE5 = {
						CreatedOnToolsVersion = 13.4.1;
					};
					25ABA7652A3D19F700549BE5 = {
						CreatedOnToolsVersion = 13.4.1;
					};
					25ABA7752A3D19F700549BE5 = {
						CreatedOnToolsVersion = 13.4.1;
					};
				};
			};
			buildConfigurationList = 25ABA7332A3D19F400549BE5 /* Build configuration list for PBXProject "kittenDrop" */;
			compatibilityVersion = "Xcode 13.0";
			developmentRegion = en;
			hasScannedForEncodings = 0;
			knownRegions = (
				en,
				Base,
			);
			mainGroup = 25ABA72F2A3D19F400549BE5;
			productRefGroup = 25ABA73E2A3D19F700549BE5 /* Products */;
			projectDirPath = "";
			projectRoot = "";
			targets = (
				25ABA73C2A3D19F700549BE5 /* kittenDrop iOS */,
				25ABA74B2A3D19F700549BE5 /* kittenDrop watchOS App */,
				25ABA7572A3D19F700549BE5 /* kittenDrop watchOS App Extension */,
				25ABA7652A3D19F700549BE5 /* kittenDrop tvOS */,
				25ABA7752A3D19F700549BE5 /* kittenDrop macOS */,
			);
		};
/* End PBXProject section */

/* Begin PBXResourcesBuildPhase section */
		25ABA73B2A3D19F700549BE5 /* Resources */ = {
			isa = PBXResourcesBuildPhase;
			buildActionMask = 2147483647;
			files = (
				25ABA7832A3D19F700549BE5 /* GameScene.sks in Resources */,
				25ABA7462A3D19F700549BE5 /* Main.storyboard in Resources */,
				25ABA7802A3D19F700549BE5 /* Actions.sks in Resources */,
				25ABA7492A3D19F700549BE5 /* LaunchScreen.storyboard in Resources */,
				25ABA78B2A3D19F700549BE5 /* Assets.xcassets in Resources */,
			);
			runOnlyForDeploymentPostprocessing = 0;
		};
		25ABA74A2A3D19F700549BE5 /* Resources */ = {
			isa = PBXResourcesBuildPhase;
			buildActionMask = 2147483647;
			files = (
				25ABA78C2A3D19F700549BE5 /* Assets.xcassets in Resources */,
				25ABA7532A3D19F700549BE5 /* Interface.storyboard in Resources */,
			);
			runOnlyForDeploymentPostprocessing = 0;
		};
		25ABA7562A3D19F700549BE5 /* Resources */ = {
			isa = PBXResourcesBuildPhase;
			buildActionMask = 2147483647;
			files = (
				25ABA7842A3D19F700549BE5 /* GameScene.sks in Resources */,
			);
			runOnlyForDeploymentPostprocessing = 0;
		};
		25ABA7642A3D19F700549BE5 /* Resources */ = {
			isa = PBXResourcesBuildPhase;
			buildActionMask = 2147483647;
			files = (
				25ABA7852A3D19F700549BE5 /* GameScene.sks in Resources */,
				25ABA76E2A3D19F700549BE5 /* Main.storyboard in Resources */,
				25ABA7812A3D19F700549BE5 /* Actions.sks in Resources */,
				25ABA7712A3D19F700549BE5 /* LaunchScreen.storyboard in Resources */,
				25ABA78D2A3D19F700549BE5 /* Assets.xcassets in Resources */,
			);
			runOnlyForDeploymentPostprocessing = 0;
		};
		25ABA7742A3D19F700549BE5 /* Resources */ = {
			isa = PBXResourcesBuildPhase;
			buildActionMask = 2147483647;
			files = (
				25ABA77E2A3D19F700549BE5 /* Main.storyboard in Resources */,
				25ABA7862A3D19F700549BE5 /* GameScene.sks in Resources */,
				25ABA78E2A3D19F700549BE5 /* Assets.xcassets in Resources */,
				25ABA7822A3D19F700549BE5 /* Actions.sks in Resources */,
			);
			runOnlyForDeploymentPostprocessing = 0;
		};
/* End PBXResourcesBuildPhase section */

/* Begin PBXSourcesBuildPhase section */
		25ABA7392A3D19F700549BE5 /* Sources */ = {
			isa = PBXSourcesBuildPhase;
			buildActionMask = 2147483647;
			files = (
				25ABA7872A3D19F700549BE5 /* GameScene.swift in Sources */,
				25ABA7432A3D19F700549BE5 /* GameViewController.swift in Sources */,
				25ABA7412A3D19F700549BE5 /* AppDelegate.swift in Sources */,
			);
			runOnlyForDeploymentPostprocessing = 0;
		};
		25ABA7542A3D19F700549BE5 /* Sources */ = {
			isa = PBXSourcesBuildPhase;
			buildActionMask = 2147483647;
			files = (
				25ABA7882A3D19F700549BE5 /* GameScene.swift in Sources */,
				25ABA7602A3D19F700549BE5 /* ExtensionDelegate.swift in Sources */,
				25ABA75E2A3D19F700549BE5 /* InterfaceController.swift in Sources */,
			);
			runOnlyForDeploymentPostprocessing = 0;
		};
		25ABA7622A3D19F700549BE5 /* Sources */ = {
			isa = PBXSourcesBuildPhase;
			buildActionMask = 2147483647;
			files = (
				25ABA7892A3D19F700549BE5 /* GameScene.swift in Sources */,
				25ABA76B2A3D19F700549BE5 /* GameViewController.swift in Sources */,
				25ABA7692A3D19F700549BE5 /* AppDelegate.swift in Sources */,
			);
			runOnlyForDeploymentPostprocessing = 0;
		};
		25ABA7722A3D19F700549BE5 /* Sources */ = {
			isa = PBXSourcesBuildPhase;
			buildActionMask = 2147483647;
			files = (
				25ABA78A2A3D19F700549BE5 /* GameScene.swift in Sources */,
				25ABA77B2A3D19F700549BE5 /* GameViewController.swift in Sources */,
				25ABA7792A3D19F700549BE5 /* AppDelegate.swift in Sources */,
			);
			runOnlyForDeploymentPostprocessing = 0;
		};
/* End PBXSourcesBuildPhase section */

/* Begin PBXTargetDependency section */
		25ABA74F2A3D19F700549BE5 /* PBXTargetDependency */ = {
			isa = PBXTargetDependency;
			target = 25ABA74B2A3D19F700549BE5 /* kittenDrop watchOS App */;
			targetProxy = 25ABA74E2A3D19F700549BE5 /* PBXContainerItemProxy */;
		};
		25ABA75B2A3D19F700549BE5 /* PBXTargetDependency */ = {
			isa = PBXTargetDependency;
			target = 25ABA7572A3D19F700549BE5 /* kittenDrop watchOS App Extension */;
			targetProxy = 25ABA75A2A3D19F700549BE5 /* PBXContainerItemProxy */;
		};
/* End PBXTargetDependency section */

/* Begin PBXVariantGroup section */
		25ABA7442A3D19F700549BE5 /* Main.storyboard */ = {
			isa = PBXVariantGroup;
			children = (
				25ABA7452A3D19F700549BE5 /* Base */,
			);
			name = Main.storyboard;
			sourceTree = "<group>";
		};
		25ABA7472A3D19F700549BE5 /* LaunchScreen.storyboard */ = {
			isa = PBXVariantGroup;
			children = (
				25ABA7482A3D19F700549BE5 /* Base */,
			);
			name = LaunchScreen.storyboard;
			sourceTree = "<group>";
		};
		25ABA7512A3D19F700549BE5 /* Interface.storyboard */ = {
			isa = PBXVariantGroup;
			children = (
				25ABA7522A3D19F700549BE5 /* Base */,
			);
			name = Interface.storyboard;
			sourceTree = "<group>";
		};
		25ABA76C2A3D19F700549BE5 /* Main.storyboard */ = {
			isa = PBXVariantGroup;
			children = (
				25ABA76D2A3D19F700549BE5 /* Base */,
			);
			name = Main.storyboard;
			sourceTree = "<group>";
		};
		25ABA76F2A3D19F700549BE5 /* LaunchScreen.storyboard */ = {
			isa = PBXVariantGroup;
			children = (
				25ABA7702A3D19F700549BE5 /* Base */,
			);
			name = LaunchScreen.storyboard;
			sourceTree = "<group>";
		};
		25ABA77C2A3D19F700549BE5 /* Main.storyboard */ = {
			isa = PBXVariantGroup;
			children = (
				25ABA77D2A3D19F700549BE5 /* Base */,
			);
			name = Main.storyboard;
			sourceTree = "<group>";
		};
/* End PBXVariantGroup section */

/* Begin XCBuildConfiguration section */
		25ABA78F2A3D19F700549BE5 /* Debug */ = {
			isa = XCBuildConfiguration;
			buildSettings = {
				ALWAYS_SEARCH_USER_PATHS = NO;
				CLANG_ANALYZER_NONNULL = YES;
				CLANG_ANALYZER_NUMBER_OBJECT_CONVERSION = YES_AGGRESSIVE;
				CLANG_CXX_LANGUAGE_STANDARD = "gnu++17";
				CLANG_ENABLE_MODULES = YES;
				CLANG_ENABLE_OBJC_ARC = YES;
				CLANG_ENABLE_OBJC_WEAK = YES;
				CLANG_WARN_BLOCK_CAPTURE_AUTORELEASING = YES;
				CLANG_WARN_BOOL_CONVERSION = YES;
				CLANG_WARN_COMMA = YES;
				CLANG_WARN_CONSTANT_CONVERSION = YES;
				CLANG_WARN_DEPRECATED_OBJC_IMPLEMENTATIONS = YES;
				CLANG_WARN_DIRECT_OBJC_ISA_USAGE = YES_ERROR;
				CLANG_WARN_DOCUMENTATION_COMMENTS = YES;
				CLANG_WARN_EMPTY_BODY = YES;
				CLANG_WARN_ENUM_CONVERSION = YES;
				CLANG_WARN_INFINITE_RECURSION = YES;
				CLANG_WARN_INT_CONVERSION = YES;
				CLANG_WARN_NON_LITERAL_NULL_CONVERSION = YES;
				CLANG_WARN_OBJC_IMPLICIT_RETAIN_SELF = YES;
				CLANG_WARN_OBJC_LITERAL_CONVERSION = YES;
				CLANG_WARN_OBJC_ROOT_CLASS = YES_ERROR;
				CLANG_WARN_QUOTED_INCLUDE_IN_FRAMEWORK_HEADER = YES;
				CLANG_WARN_RANGE_LOOP_ANALYSIS = YES;
				CLANG_WARN_STRICT_PROTOTYPES = YES;
				CLANG_WARN_SUSPICIOUS_MOVE = YES;
				CLANG_WARN_UNGUARDED_AVAILABILITY = YES_AGGRESSIVE;
				CLANG_WARN_UNREACHABLE_CODE = YES;
				CLANG_WARN__DUPLICATE_METHOD_MATCH = YES;
				COPY_PHASE_STRIP = NO;
				DEBUG_INFORMATION_FORMAT = dwarf;
				ENABLE_STRICT_OBJC_MSGSEND = YES;
				ENABLE_TESTABILITY = YES;
				GCC_C_LANGUAGE_STANDARD = gnu11;
				GCC_DYNAMIC_NO_PIC = NO;
				GCC_NO_COMMON_BLOCKS = YES;
				GCC_OPTIMIZATION_LEVEL = 0;
				GCC_PREPROCESSOR_DEFINITIONS = (
					"DEBUG=1",
					"$(inherited)",
				);
				GCC_WARN_64_TO_32_BIT_CONVERSION = YES;
				GCC_WARN_ABOUT_RETURN_TYPE = YES_ERROR;
				GCC_WARN_UNDECLARED_SELECTOR = YES;
				GCC_WARN_UNINITIALIZED_AUTOS = YES_AGGRESSIVE;
				GCC_WARN_UNUSED_FUNCTION = YES;
				GCC_WARN_UNUSED_VARIABLE = YES;
				MTL_ENABLE_DEBUG_INFO = INCLUDE_SOURCE;
				MTL_FAST_MATH = YES;
				ONLY_ACTIVE_ARCH = YES;
				SWIFT_ACTIVE_COMPILATION_CONDITIONS = DEBUG;
				SWIFT_OPTIMIZATION_LEVEL = "-Onone";
			};
			name = Debug;
		};
		25ABA7902A3D19F700549BE5 /* Release */ = {
			isa = XCBuildConfiguration;
			buildSettings = {
				ALWAYS_SEARCH_USER_PATHS = NO;
				CLANG_ANALYZER_NONNULL = YES;
				CLANG_ANALYZER_NUMBER_OBJECT_CONVERSION = YES_AGGRESSIVE;
				CLANG_CXX_LANGUAGE_STANDARD = "gnu++17";
				CLANG_ENABLE_MODULES = YES;
				CLANG_ENABLE_OBJC_ARC = YES;
				CLANG_ENABLE_OBJC_WEAK = YES;
				CLANG_WARN_BLOCK_CAPTURE_AUTORELEASING = YES;
				CLANG_WARN_BOOL_CONVERSION = YES;
				CLANG_WARN_COMMA = YES;
				CLANG_WARN_CONSTANT_CONVERSION = YES;
				CLANG_WARN_DEPRECATED_OBJC_IMPLEMENTATIONS = YES;
				CLANG_WARN_DIRECT_OBJC_ISA_USAGE = YES_ERROR;
				CLANG_WARN_DOCUMENTATION_COMMENTS = YES;
				CLANG_WARN_EMPTY_BODY = YES;
				CLANG_WARN_ENUM_CONVERSION = YES;
				CLANG_WARN_INFINITE_RECURSION = YES;
				CLANG_WARN_INT_CONVERSION = YES;
				CLANG_WARN_NON_LITERAL_NULL_CONVERSION = YES;
				CLANG_WARN_OBJC_IMPLICIT_RETAIN_SELF = YES;
				CLANG_WARN_OBJC_LITERAL_CONVERSION = YES;
				CLANG_WARN_OBJC_ROOT_CLASS = YES_ERROR;
				CLANG_WARN_QUOTED_INCLUDE_IN_FRAMEWORK_HEADER = YES;
				CLANG_WARN_RANGE_LOOP_ANALYSIS = YES;
				CLANG_WARN_STRICT_PROTOTYPES = YES;
				CLANG_WARN_SUSPICIOUS_MOVE = YES;
				CLANG_WARN_UNGUARDED_AVAILABILITY = YES_AGGRESSIVE;
				CLANG_WARN_UNREACHABLE_CODE = YES;
				CLANG_WARN__DUPLICATE_METHOD_MATCH = YES;
				COPY_PHASE_STRIP = NO;
				DEBUG_INFORMATION_FORMAT = "dwarf-with-dsym";
				ENABLE_NS_ASSERTIONS = NO;
				ENABLE_STRICT_OBJC_MSGSEND = YES;
				GCC_C_LANGUAGE_STANDARD = gnu11;
				GCC_NO_COMMON_BLOCKS = YES;
				GCC_WARN_64_TO_32_BIT_CONVERSION = YES;
				GCC_WARN_ABOUT_RETURN_TYPE = YES_ERROR;
				GCC_WARN_UNDECLARED_SELECTOR = YES;
				GCC_WARN_UNINITIALIZED_AUTOS = YES_AGGRESSIVE;
				GCC_WARN_UNUSED_FUNCTION = YES;
				GCC_WARN_UNUSED_VARIABLE = YES;
				MTL_ENABLE_DEBUG_INFO = NO;
				MTL_FAST_MATH = YES;
				SWIFT_COMPILATION_MODE = wholemodule;
				SWIFT_OPTIMIZATION_LEVEL = "-O";
			};
			name = Release;
		};
		25ABA7922A3D19F700549BE5 /* Debug */ = {
			isa = XCBuildConfiguration;
			buildSettings = {
				CODE_SIGN_STYLE = Automatic;
				CURRENT_PROJECT_VERSION = 1;
				DEVELOPMENT_TEAM = SMWT3M3546;
				GENERATE_INFOPLIST_FILE = YES;
				INFOPLIST_FILE = "kittenDrop watchOS App Extension/Info.plist";
				INFOPLIST_KEY_CFBundleDisplayName = "kittenDrop watchOS App Extension";
				INFOPLIST_KEY_NSHumanReadableCopyright = "";
				INFOPLIST_KEY_WKExtensionDelegateClassName = "$(PRODUCT_MODULE_NAME).ExtensionDelegate";
				LD_RUNPATH_SEARCH_PATHS = (
					"$(inherited)",
					"@executable_path/Frameworks",
					"@executable_path/../../Frameworks",
				);
				MARKETING_VERSION = 1.0;
				PRODUCT_BUNDLE_IDENTIFIER = BubsInc.kittenDrop.watchkitapp.watchkitextension;
				PRODUCT_NAME = "kittenDrop Extension";
				SDKROOT = watchos;
				SKIP_INSTALL = YES;
				SWIFT_EMIT_LOC_STRINGS = YES;
				SWIFT_VERSION = 5.0;
				TARGETED_DEVICE_FAMILY = 4;
				WATCHOS_DEPLOYMENT_TARGET = 8.5;
			};
			name = Debug;
		};
		25ABA7932A3D19F700549BE5 /* Release */ = {
			isa = XCBuildConfiguration;
			buildSettings = {
				CODE_SIGN_STYLE = Automatic;
				CURRENT_PROJECT_VERSION = 1;
				DEVELOPMENT_TEAM = SMWT3M3546;
				GENERATE_INFOPLIST_FILE = YES;
				INFOPLIST_FILE = "kittenDrop watchOS App Extension/Info.plist";
				INFOPLIST_KEY_CFBundleDisplayName = "kittenDrop watchOS App Extension";
				INFOPLIST_KEY_NSHumanReadableCopyright = "";
				INFOPLIST_KEY_WKExtensionDelegateClassName = "$(PRODUCT_MODULE_NAME).ExtensionDelegate";
				LD_RUNPATH_SEARCH_PATHS = (
					"$(inherited)",
					"@executable_path/Frameworks",
					"@executable_path/../../Frameworks",
				);
				MARKETING_VERSION = 1.0;
				PRODUCT_BUNDLE_IDENTIFIER = BubsInc.kittenDrop.watchkitapp.watchkitextension;
				PRODUCT_NAME = "kittenDrop Extension";
				SDKROOT = watchos;
				SKIP_INSTALL = YES;
				SWIFT_EMIT_LOC_STRINGS = YES;
				SWIFT_VERSION = 5.0;
				TARGETED_DEVICE_FAMILY = 4;
				VALIDATE_PRODUCT = YES;
				WATCHOS_DEPLOYMENT_TARGET = 8.5;
			};
			name = Release;
		};
		25ABA7962A3D19F700549BE5 /* Debug */ = {
			isa = XCBuildConfiguration;
			buildSettings = {
				ALWAYS_EMBED_SWIFT_STANDARD_LIBRARIES = YES;
				ASSETCATALOG_COMPILER_APPICON_NAME = AppIcon;
				ASSETCATALOG_COMPILER_GLOBAL_ACCENT_COLOR_NAME = AccentColor;
				CODE_SIGN_STYLE = Automatic;
				CURRENT_PROJECT_VERSION = 1;
				DEVELOPMENT_TEAM = SMWT3M3546;
				GENERATE_INFOPLIST_FILE = YES;
				IBSC_MODULE = kittenDrop_Extension;
				INFOPLIST_KEY_CFBundleDisplayName = kittenDrop;
				INFOPLIST_KEY_UISupportedInterfaceOrientations = "UIInterfaceOrientationPortrait UIInterfaceOrientationPortraitUpsideDown";
				INFOPLIST_KEY_WKCompanionAppBundleIdentifier = BubsInc.kittenDrop;
				MARKETING_VERSION = 1.0;
				PRODUCT_BUNDLE_IDENTIFIER = BubsInc.kittenDrop.watchkitapp;
				PRODUCT_NAME = kittenDrop;
				SDKROOT = watchos;
				SKIP_INSTALL = YES;
				SWIFT_EMIT_LOC_STRINGS = YES;
				SWIFT_VERSION = 5.0;
				TARGETED_DEVICE_FAMILY = 4;
				WATCHOS_DEPLOYMENT_TARGET = 8.5;
			};
			name = Debug;
		};
		25ABA7972A3D19F700549BE5 /* Release */ = {
			isa = XCBuildConfiguration;
			buildSettings = {
				ALWAYS_EMBED_SWIFT_STANDARD_LIBRARIES = YES;
				ASSETCATALOG_COMPILER_APPICON_NAME = AppIcon;
				ASSETCATALOG_COMPILER_GLOBAL_ACCENT_COLOR_NAME = AccentColor;
				CODE_SIGN_STYLE = Automatic;
				CURRENT_PROJECT_VERSION = 1;
				DEVELOPMENT_TEAM = SMWT3M3546;
				GENERATE_INFOPLIST_FILE = YES;
				IBSC_MODULE = kittenDrop_Extension;
				INFOPLIST_KEY_CFBundleDisplayName = kittenDrop;
				INFOPLIST_KEY_UISupportedInterfaceOrientations = "UIInterfaceOrientationPortrait UIInterfaceOrientationPortraitUpsideDown";
				INFOPLIST_KEY_WKCompanionAppBundleIdentifier = BubsInc.kittenDrop;
				MARKETING_VERSION = 1.0;
				PRODUCT_BUNDLE_IDENTIFIER = BubsInc.kittenDrop.watchkitapp;
				PRODUCT_NAME = kittenDrop;
				SDKROOT = watchos;
				SKIP_INSTALL = YES;
				SWIFT_EMIT_LOC_STRINGS = YES;
				SWIFT_VERSION = 5.0;
				TARGETED_DEVICE_FAMILY = 4;
				VALIDATE_PRODUCT = YES;
				WATCHOS_DEPLOYMENT_TARGET = 8.5;
			};
			name = Release;
		};
		25ABA79A2A3D19F700549BE5 /* Debug */ = {
			isa = XCBuildConfiguration;
			buildSettings = {
				ASSETCATALOG_COMPILER_APPICON_NAME = AppIcon;
				ASSETCATALOG_COMPILER_GLOBAL_ACCENT_COLOR_NAME = AccentColor;
				CODE_SIGN_STYLE = Automatic;
				CURRENT_PROJECT_VERSION = 1;
				DEVELOPMENT_TEAM = SMWT3M3546;
				GENERATE_INFOPLIST_FILE = YES;
				INFOPLIST_KEY_UIApplicationSupportsIndirectInputEvents = YES;
				INFOPLIST_KEY_UILaunchStoryboardName = LaunchScreen;
				INFOPLIST_KEY_UIMainStoryboardFile = Main;
				INFOPLIST_KEY_UIStatusBarHidden = YES;
				INFOPLIST_KEY_UISupportedInterfaceOrientations_iPad = "UIInterfaceOrientationPortrait UIInterfaceOrientationPortraitUpsideDown UIInterfaceOrientationLandscapeLeft UIInterfaceOrientationLandscapeRight";
				INFOPLIST_KEY_UISupportedInterfaceOrientations_iPhone = "UIInterfaceOrientationPortrait UIInterfaceOrientationLandscapeLeft UIInterfaceOrientationLandscapeRight";
				IPHONEOS_DEPLOYMENT_TARGET = 15.5;
				LD_RUNPATH_SEARCH_PATHS = (
					"$(inherited)",
					"@executable_path/Frameworks",
				);
				MARKETING_VERSION = 1.0;
				PRODUCT_BUNDLE_IDENTIFIER = BubsInc.kittenDrop;
				PRODUCT_NAME = kittenDrop;
				SDKROOT = iphoneos;
				SWIFT_EMIT_LOC_STRINGS = YES;
				SWIFT_VERSION = 5.0;
				TARGETED_DEVICE_FAMILY = "1,2";
			};
			name = Debug;
		};
		25ABA79B2A3D19F700549BE5 /* Release */ = {
			isa = XCBuildConfiguration;
			buildSettings = {
				ASSETCATALOG_COMPILER_APPICON_NAME = AppIcon;
				ASSETCATALOG_COMPILER_GLOBAL_ACCENT_COLOR_NAME = AccentColor;
				CODE_SIGN_STYLE = Automatic;
				CURRENT_PROJECT_VERSION = 1;
				DEVELOPMENT_TEAM = SMWT3M3546;
				GENERATE_INFOPLIST_FILE = YES;
				INFOPLIST_KEY_UIApplicationSupportsIndirectInputEvents = YES;
				INFOPLIST_KEY_UILaunchStoryboardName = LaunchScreen;
				INFOPLIST_KEY_UIMainStoryboardFile = Main;
				INFOPLIST_KEY_UIStatusBarHidden = YES;
				INFOPLIST_KEY_UISupportedInterfaceOrientations_iPad = "UIInterfaceOrientationPortrait UIInterfaceOrientationPortraitUpsideDown UIInterfaceOrientationLandscapeLeft UIInterfaceOrientationLandscapeRight";
				INFOPLIST_KEY_UISupportedInterfaceOrientations_iPhone = "UIInterfaceOrientationPortrait UIInterfaceOrientationLandscapeLeft UIInterfaceOrientationLandscapeRight";
				IPHONEOS_DEPLOYMENT_TARGET = 15.5;
				LD_RUNPATH_SEARCH_PATHS = (
					"$(inherited)",
					"@executable_path/Frameworks",
				);
				MARKETING_VERSION = 1.0;
				PRODUCT_BUNDLE_IDENTIFIER = BubsInc.kittenDrop;
				PRODUCT_NAME = kittenDrop;
				SDKROOT = iphoneos;
				SWIFT_EMIT_LOC_STRINGS = YES;
				SWIFT_VERSION = 5.0;
				TARGETED_DEVICE_FAMILY = "1,2";
				VALIDATE_PRODUCT = YES;
			};
			name = Release;
		};
		25ABA79D2A3D19F700549BE5 /* Debug */ = {
			isa = XCBuildConfiguration;
			buildSettings = {
				ASSETCATALOG_COMPILER_APPICON_NAME = "tvOS App Icon & Top Shelf Image";
				ASSETCATALOG_COMPILER_GLOBAL_ACCENT_COLOR_NAME = AccentColor;
				CODE_SIGN_STYLE = Automatic;
				CURRENT_PROJECT_VERSION = 1;
				DEVELOPMENT_TEAM = SMWT3M3546;
				GENERATE_INFOPLIST_FILE = YES;
				INFOPLIST_KEY_UILaunchStoryboardName = LaunchScreen;
				INFOPLIST_KEY_UIMainStoryboardFile = Main;
				INFOPLIST_KEY_UIUserInterfaceStyle = Automatic;
				LD_RUNPATH_SEARCH_PATHS = (
					"$(inherited)",
					"@executable_path/Frameworks",
				);
				MARKETING_VERSION = 1.0;
				PRODUCT_BUNDLE_IDENTIFIER = BubsInc.kittenDrop;
				PRODUCT_NAME = kittenDrop;
				SDKROOT = appletvos;
				SWIFT_EMIT_LOC_STRINGS = YES;
				SWIFT_VERSION = 5.0;
				TARGETED_DEVICE_FAMILY = 3;
				TVOS_DEPLOYMENT_TARGET = 15.4;
			};
			name = Debug;
		};
		25ABA79E2A3D19F700549BE5 /* Release */ = {
			isa = XCBuildConfiguration;
			buildSettings = {
				ASSETCATALOG_COMPILER_APPICON_NAME = "tvOS App Icon & Top Shelf Image";
				ASSETCATALOG_COMPILER_GLOBAL_ACCENT_COLOR_NAME = AccentColor;
				CODE_SIGN_STYLE = Automatic;
				CURRENT_PROJECT_VERSION = 1;
				DEVELOPMENT_TEAM = SMWT3M3546;
				GENERATE_INFOPLIST_FILE = YES;
				INFOPLIST_KEY_UILaunchStoryboardName = LaunchScreen;
				INFOPLIST_KEY_UIMainStoryboardFile = Main;
				INFOPLIST_KEY_UIUserInterfaceStyle = Automatic;
				LD_RUNPATH_SEARCH_PATHS = (
					"$(inherited)",
					"@executable_path/Frameworks",
				);
				MARKETING_VERSION = 1.0;
				PRODUCT_BUNDLE_IDENTIFIER = BubsInc.kittenDrop;
				PRODUCT_NAME = kittenDrop;
				SDKROOT = appletvos;
				SWIFT_EMIT_LOC_STRINGS = YES;
				SWIFT_VERSION = 5.0;
				TARGETED_DEVICE_FAMILY = 3;
				TVOS_DEPLOYMENT_TARGET = 15.4;
				VALIDATE_PRODUCT = YES;
			};
			name = Release;
		};
		25ABA7A02A3D19F700549BE5 /* Debug */ = {
			isa = XCBuildConfiguration;
			buildSettings = {
				ASSETCATALOG_COMPILER_APPICON_NAME = AppIcon;
				ASSETCATALOG_COMPILER_GLOBAL_ACCENT_COLOR_NAME = AccentColor;
				CODE_SIGN_ENTITLEMENTS = "kittenDrop macOS/kittenDrop_macOS.entitlements";
				CODE_SIGN_STYLE = Automatic;
				COMBINE_HIDPI_IMAGES = YES;
				CURRENT_PROJECT_VERSION = 1;
				DEVELOPMENT_TEAM = SMWT3M3546;
				ENABLE_HARDENED_RUNTIME = YES;
				GENERATE_INFOPLIST_FILE = YES;
				INFOPLIST_KEY_NSHumanReadableCopyright = "";
				INFOPLIST_KEY_NSMainStoryboardFile = Main;
				INFOPLIST_KEY_NSPrincipalClass = NSApplication;
				LD_RUNPATH_SEARCH_PATHS = (
					"$(inherited)",
					"@executable_path/../Frameworks",
				);
				MACOSX_DEPLOYMENT_TARGET = 12.3;
				MARKETING_VERSION = 1.0;
				PRODUCT_BUNDLE_IDENTIFIER = BubsInc.kittenDrop;
				PRODUCT_NAME = kittenDrop;
				SDKROOT = macosx;
				SWIFT_EMIT_LOC_STRINGS = YES;
				SWIFT_VERSION = 5.0;
			};
			name = Debug;
		};
		25ABA7A12A3D19F700549BE5 /* Release */ = {
			isa = XCBuildConfiguration;
			buildSettings = {
				ASSETCATALOG_COMPILER_APPICON_NAME = AppIcon;
				ASSETCATALOG_COMPILER_GLOBAL_ACCENT_COLOR_NAME = AccentColor;
				CODE_SIGN_ENTITLEMENTS = "kittenDrop macOS/kittenDrop_macOS.entitlements";
				CODE_SIGN_STYLE = Automatic;
				COMBINE_HIDPI_IMAGES = YES;
				CURRENT_PROJECT_VERSION = 1;
				DEVELOPMENT_TEAM = SMWT3M3546;
				ENABLE_HARDENED_RUNTIME = YES;
				GENERATE_INFOPLIST_FILE = YES;
				INFOPLIST_KEY_NSHumanReadableCopyright = "";
				INFOPLIST_KEY_NSMainStoryboardFile = Main;
				INFOPLIST_KEY_NSPrincipalClass = NSApplication;
				LD_RUNPATH_SEARCH_PATHS = (
					"$(inherited)",
					"@executable_path/../Frameworks",
				);
				MACOSX_DEPLOYMENT_TARGET = 12.3;
				MARKETING_VERSION = 1.0;
				PRODUCT_BUNDLE_IDENTIFIER = BubsInc.kittenDrop;
				PRODUCT_NAME = kittenDrop;
				SDKROOT = macosx;
				SWIFT_EMIT_LOC_STRINGS = YES;
				SWIFT_VERSION = 5.0;
			};
			name = Release;
		};
/* End XCBuildConfiguration section */

/* Begin XCConfigurationList section */
		25ABA7332A3D19F400549BE5 /* Build configuration list for PBXProject "kittenDrop" */ = {
			isa = XCConfigurationList;
			buildConfigurations = (
				25ABA78F2A3D19F700549BE5 /* Debug */,
				25ABA7902A3D19F700549BE5 /* Release */,
			);
			defaultConfigurationIsVisible = 0;
			defaultConfigurationName = Release;
		};
		25ABA7912A3D19F700549BE5 /* Build configuration list for PBXNativeTarget "kittenDrop watchOS App Extension" */ = {
			isa = XCConfigurationList;
			buildConfigurations = (
				25ABA7922A3D19F700549BE5 /* Debug */,
				25ABA7932A3D19F700549BE5 /* Release */,
			);
			defaultConfigurationIsVisible = 0;
			defaultConfigurationName = Release;
		};
		25ABA7952A3D19F700549BE5 /* Build configuration list for PBXNativeTarget "kittenDrop watchOS App" */ = {
			isa = XCConfigurationList;
			buildConfigurations = (
				25ABA7962A3D19F700549BE5 /* Debug */,
				25ABA7972A3D19F700549BE5 /* Release */,
			);
			defaultConfigurationIsVisible = 0;
			defaultConfigurationName = Release;
		};
		25ABA7992A3D19F700549BE5 /* Build configuration list for PBXNativeTarget "kittenDrop iOS" */ = {
			isa = XCConfigurationList;
			buildConfigurations = (
				25ABA79A2A3D19F700549BE5 /* Debug */,
				25ABA79B2A3D19F700549BE5 /* Release */,
			);
			defaultConfigurationIsVisible = 0;
			defaultConfigurationName = Release;
		};
		25ABA79C2A3D19F700549BE5 /* Build configuration list for PBXNativeTarget "kittenDrop tvOS" */ = {
			isa = XCConfigurationList;
			buildConfigurations = (
				25ABA79D2A3D19F700549BE5 /* Debug */,
				25ABA79E2A3D19F700549BE5 /* Release */,
			);
			defaultConfigurationIsVisible = 0;
			defaultConfigurationName = Release;
		};
		25ABA79F2A3D19F700549BE5 /* Build configuration list for PBXNativeTarget "kittenDrop macOS" */ = {
			isa = XCConfigurationList;
			buildConfigurations = (
				25ABA7A02A3D19F700549BE5 /* Debug */,
				25ABA7A12A3D19F700549BE5 /* Release */,
			);
			defaultConfigurationIsVisible = 0;
			defaultConfigurationName = Release;
		};
/* End XCConfigurationList section */
	};
	rootObject = 25ABA7302A3D19F400549BE5 /* Project object */;
}
