// !$*UTF8*$!
{
	archiveVersion = 1;
	classes = {
	};
	objectVersion = 55;
	objects = {

/* Begin PBXBuildFile section */
		25ABA7B42A3D1BA500549BE5 /* AppDelegate.swift in Sources */ = {isa = PBXBuildFile; fileRef = 25ABA7B32A3D1BA500549BE5 /* AppDelegate.swift */; };
		25ABA7B62A3D1BA500549BE5 /* GameViewController.swift in Sources */ = {isa = PBXBuildFile; fileRef = 25ABA7B52A3D1BA500549BE5 /* GameViewController.swift */; };
		25ABA7B92A3D1BA500549BE5 /* Main.storyboard in Resources */ = {isa = PBXBuildFile; fileRef = 25ABA7B72A3D1BA500549BE5 /* Main.storyboard */; };
		25ABA7BC2A3D1BA500549BE5 /* LaunchScreen.storyboard in Resources */ = {isa = PBXBuildFile; fileRef = 25ABA7BA2A3D1BA500549BE5 /* LaunchScreen.storyboard */; };
		25ABA7C02A3D1BA500549BE5 /* KittenDrop.app in Embed Watch Content */ = {isa = PBXBuildFile; fileRef = 25ABA7BF2A3D1BA500549BE5 /* KittenDrop.app */; settings = {ATTRIBUTES = (RemoveHeadersOnCopy, ); }; };
		25ABA7C62A3D1BA500549BE5 /* Interface.storyboard in Resources */ = {isa = PBXBuildFile; fileRef = 25ABA7C42A3D1BA500549BE5 /* Interface.storyboard */; };
		25ABA7CC2A3D1BA500549BE5 /* KittenDrop Extension.appex in Embed App Extensions */ = {isa = PBXBuildFile; fileRef = 25ABA7CB2A3D1BA500549BE5 /* KittenDrop Extension.appex */; settings = {ATTRIBUTES = (RemoveHeadersOnCopy, ); }; };
		25ABA7D12A3D1BA500549BE5 /* InterfaceController.swift in Sources */ = {isa = PBXBuildFile; fileRef = 25ABA7D02A3D1BA500549BE5 /* InterfaceController.swift */; };
		25ABA7D32A3D1BA500549BE5 /* ExtensionDelegate.swift in Sources */ = {isa = PBXBuildFile; fileRef = 25ABA7D22A3D1BA500549BE5 /* ExtensionDelegate.swift */; };
		25ABA7DC2A3D1BA500549BE5 /* AppDelegate.swift in Sources */ = {isa = PBXBuildFile; fileRef = 25ABA7DB2A3D1BA500549BE5 /* AppDelegate.swift */; };
		25ABA7DE2A3D1BA500549BE5 /* GameViewController.swift in Sources */ = {isa = PBXBuildFile; fileRef = 25ABA7DD2A3D1BA500549BE5 /* GameViewController.swift */; };
		25ABA7E12A3D1BA500549BE5 /* Main.storyboard in Resources */ = {isa = PBXBuildFile; fileRef = 25ABA7DF2A3D1BA500549BE5 /* Main.storyboard */; };
		25ABA7E42A3D1BA500549BE5 /* LaunchScreen.storyboard in Resources */ = {isa = PBXBuildFile; fileRef = 25ABA7E22A3D1BA500549BE5 /* LaunchScreen.storyboard */; };
		25ABA7EC2A3D1BA500549BE5 /* AppDelegate.swift in Sources */ = {isa = PBXBuildFile; fileRef = 25ABA7EB2A3D1BA500549BE5 /* AppDelegate.swift */; };
		25ABA7EE2A3D1BA500549BE5 /* GameViewController.swift in Sources */ = {isa = PBXBuildFile; fileRef = 25ABA7ED2A3D1BA500549BE5 /* GameViewController.swift */; };
		25ABA7F12A3D1BA500549BE5 /* Main.storyboard in Resources */ = {isa = PBXBuildFile; fileRef = 25ABA7EF2A3D1BA500549BE5 /* Main.storyboard */; };
		25ABA7F32A3D1BA500549BE5 /* Actions.sks in Resources */ = {isa = PBXBuildFile; fileRef = 25ABA7A82A3D1BA200549BE5 /* Actions.sks */; };
		25ABA7F42A3D1BA500549BE5 /* Actions.sks in Resources */ = {isa = PBXBuildFile; fileRef = 25ABA7A82A3D1BA200549BE5 /* Actions.sks */; };
		25ABA7F52A3D1BA500549BE5 /* Actions.sks in Resources */ = {isa = PBXBuildFile; fileRef = 25ABA7A82A3D1BA200549BE5 /* Actions.sks */; };
		25ABA7F62A3D1BA500549BE5 /* GameScene.sks in Resources */ = {isa = PBXBuildFile; fileRef = 25ABA7A92A3D1BA200549BE5 /* GameScene.sks */; };
		25ABA7F72A3D1BA500549BE5 /* GameScene.sks in Resources */ = {isa = PBXBuildFile; fileRef = 25ABA7A92A3D1BA200549BE5 /* GameScene.sks */; };
		25ABA7F82A3D1BA500549BE5 /* GameScene.sks in Resources */ = {isa = PBXBuildFile; fileRef = 25ABA7A92A3D1BA200549BE5 /* GameScene.sks */; };
		25ABA7F92A3D1BA500549BE5 /* GameScene.sks in Resources */ = {isa = PBXBuildFile; fileRef = 25ABA7A92A3D1BA200549BE5 /* GameScene.sks */; };
		25ABA7FA2A3D1BA500549BE5 /* GameScene.swift in Sources */ = {isa = PBXBuildFile; fileRef = 25ABA7AA2A3D1BA200549BE5 /* GameScene.swift */; };
		25ABA7FB2A3D1BA500549BE5 /* GameScene.swift in Sources */ = {isa = PBXBuildFile; fileRef = 25ABA7AA2A3D1BA200549BE5 /* GameScene.swift */; };
		25ABA7FC2A3D1BA500549BE5 /* GameScene.swift in Sources */ = {isa = PBXBuildFile; fileRef = 25ABA7AA2A3D1BA200549BE5 /* GameScene.swift */; };
		25ABA7FD2A3D1BA500549BE5 /* GameScene.swift in Sources */ = {isa = PBXBuildFile; fileRef = 25ABA7AA2A3D1BA200549BE5 /* GameScene.swift */; };
		25ABA7FE2A3D1BA500549BE5 /* Assets.xcassets in Resources */ = {isa = PBXBuildFile; fileRef = 25ABA7AB2A3D1BA500549BE5 /* Assets.xcassets */; };
		25ABA7FF2A3D1BA500549BE5 /* Assets.xcassets in Resources */ = {isa = PBXBuildFile; fileRef = 25ABA7AB2A3D1BA500549BE5 /* Assets.xcassets */; };
		25ABA8002A3D1BA500549BE5 /* Assets.xcassets in Resources */ = {isa = PBXBuildFile; fileRef = 25ABA7AB2A3D1BA500549BE5 /* Assets.xcassets */; };
		25ABA8012A3D1BA500549BE5 /* Assets.xcassets in Resources */ = {isa = PBXBuildFile; fileRef = 25ABA7AB2A3D1BA500549BE5 /* Assets.xcassets */; };
/* End PBXBuildFile section */

/* Begin PBXContainerItemProxy section */
		25ABA7C12A3D1BA500549BE5 /* PBXContainerItemProxy */ = {
			isa = PBXContainerItemProxy;
			containerPortal = 25ABA7A32A3D1BA200549BE5 /* Project object */;
			proxyType = 1;
			remoteGlobalIDString = 25ABA7BE2A3D1BA500549BE5;
			remoteInfo = "KittenDrop watchOS App";
		};
		25ABA7CD2A3D1BA500549BE5 /* PBXContainerItemProxy */ = {
			isa = PBXContainerItemProxy;
			containerPortal = 25ABA7A32A3D1BA200549BE5 /* Project object */;
			proxyType = 1;
			remoteGlobalIDString = 25ABA7CA2A3D1BA500549BE5;
			remoteInfo = "KittenDrop watchOS App Extension";
		};
/* End PBXContainerItemProxy section */

/* Begin PBXCopyFilesBuildPhase section */
		25ABA8072A3D1BA500549BE5 /* Embed App Extensions */ = {
			isa = PBXCopyFilesBuildPhase;
			buildActionMask = 2147483647;
			dstPath = "";
			dstSubfolderSpec = 13;
			files = (
				25ABA7CC2A3D1BA500549BE5 /* KittenDrop Extension.appex in Embed App Extensions */,
			);
			name = "Embed App Extensions";
			runOnlyForDeploymentPostprocessing = 0;
		};
		25ABA80B2A3D1BA500549BE5 /* Embed Watch Content */ = {
			isa = PBXCopyFilesBuildPhase;
			buildActionMask = 2147483647;
			dstPath = "$(CONTENTS_FOLDER_PATH)/Watch";
			dstSubfolderSpec = 16;
			files = (
				25ABA7C02A3D1BA500549BE5 /* KittenDrop.app in Embed Watch Content */,
			);
			name = "Embed Watch Content";
			runOnlyForDeploymentPostprocessing = 0;
		};
/* End PBXCopyFilesBuildPhase section */

/* Begin PBXFileReference section */
		25ABA7A82A3D1BA200549BE5 /* Actions.sks */ = {isa = PBXFileReference; lastKnownFileType = file.sks; path = Actions.sks; sourceTree = "<group>"; };
		25ABA7A92A3D1BA200549BE5 /* GameScene.sks */ = {isa = PBXFileReference; lastKnownFileType = file.sks; path = GameScene.sks; sourceTree = "<group>"; };
		25ABA7AA2A3D1BA200549BE5 /* GameScene.swift */ = {isa = PBXFileReference; lastKnownFileType = sourcecode.swift; path = GameScene.swift; sourceTree = "<group>"; };
		25ABA7AB2A3D1BA500549BE5 /* Assets.xcassets */ = {isa = PBXFileReference; lastKnownFileType = folder.assetcatalog; path = Assets.xcassets; sourceTree = "<group>"; };
		25ABA7B02A3D1BA500549BE5 /* KittenDrop.app */ = {isa = PBXFileReference; explicitFileType = wrapper.application; includeInIndex = 0; path = KittenDrop.app; sourceTree = BUILT_PRODUCTS_DIR; };
		25ABA7B32A3D1BA500549BE5 /* AppDelegate.swift */ = {isa = PBXFileReference; lastKnownFileType = sourcecode.swift; path = AppDelegate.swift; sourceTree = "<group>"; };
		25ABA7B52A3D1BA500549BE5 /* GameViewController.swift */ = {isa = PBXFileReference; lastKnownFileType = sourcecode.swift; path = GameViewController.swift; sourceTree = "<group>"; };
		25ABA7B82A3D1BA500549BE5 /* Base */ = {isa = PBXFileReference; lastKnownFileType = file.storyboard; name = Base; path = Base.lproj/Main.storyboard; sourceTree = "<group>"; };
		25ABA7BB2A3D1BA500549BE5 /* Base */ = {isa = PBXFileReference; lastKnownFileType = file.storyboard; name = Base; path = Base.lproj/LaunchScreen.storyboard; sourceTree = "<group>"; };
		25ABA7BF2A3D1BA500549BE5 /* KittenDrop.app */ = {isa = PBXFileReference; explicitFileType = wrapper.application; includeInIndex = 0; path = KittenDrop.app; sourceTree = BUILT_PRODUCTS_DIR; };
		25ABA7C52A3D1BA500549BE5 /* Base */ = {isa = PBXFileReference; lastKnownFileType = file.storyboard; name = Base; path = Base.lproj/Interface.storyboard; sourceTree = "<group>"; };
		25ABA7CB2A3D1BA500549BE5 /* KittenDrop Extension.appex */ = {isa = PBXFileReference; explicitFileType = "wrapper.app-extension"; includeInIndex = 0; path = "KittenDrop Extension.appex"; sourceTree = BUILT_PRODUCTS_DIR; };
		25ABA7D02A3D1BA500549BE5 /* InterfaceController.swift */ = {isa = PBXFileReference; lastKnownFileType = sourcecode.swift; path = InterfaceController.swift; sourceTree = "<group>"; };
		25ABA7D22A3D1BA500549BE5 /* ExtensionDelegate.swift */ = {isa = PBXFileReference; lastKnownFileType = sourcecode.swift; path = ExtensionDelegate.swift; sourceTree = "<group>"; };
		25ABA7D42A3D1BA500549BE5 /* Info.plist */ = {isa = PBXFileReference; lastKnownFileType = text.plist.xml; path = Info.plist; sourceTree = "<group>"; };
		25ABA7D92A3D1BA500549BE5 /* KittenDrop.app */ = {isa = PBXFileReference; explicitFileType = wrapper.application; includeInIndex = 0; path = KittenDrop.app; sourceTree = BUILT_PRODUCTS_DIR; };
		25ABA7DB2A3D1BA500549BE5 /* AppDelegate.swift */ = {isa = PBXFileReference; lastKnownFileType = sourcecode.swift; path = AppDelegate.swift; sourceTree = "<group>"; };
		25ABA7DD2A3D1BA500549BE5 /* GameViewController.swift */ = {isa = PBXFileReference; lastKnownFileType = sourcecode.swift; path = GameViewController.swift; sourceTree = "<group>"; };
		25ABA7E02A3D1BA500549BE5 /* Base */ = {isa = PBXFileReference; lastKnownFileType = file.storyboard; name = Base; path = Base.lproj/Main.storyboard; sourceTree = "<group>"; };
		25ABA7E32A3D1BA500549BE5 /* Base */ = {isa = PBXFileReference; lastKnownFileType = file.storyboard; name = Base; path = Base.lproj/LaunchScreen.storyboard; sourceTree = "<group>"; };
		25ABA7E92A3D1BA500549BE5 /* KittenDrop.app */ = {isa = PBXFileReference; explicitFileType = wrapper.application; includeInIndex = 0; path = KittenDrop.app; sourceTree = BUILT_PRODUCTS_DIR; };
		25ABA7EB2A3D1BA500549BE5 /* AppDelegate.swift */ = {isa = PBXFileReference; lastKnownFileType = sourcecode.swift; path = AppDelegate.swift; sourceTree = "<group>"; };
		25ABA7ED2A3D1BA500549BE5 /* GameViewController.swift */ = {isa = PBXFileReference; lastKnownFileType = sourcecode.swift; path = GameViewController.swift; sourceTree = "<group>"; };
		25ABA7F02A3D1BA500549BE5 /* Base */ = {isa = PBXFileReference; lastKnownFileType = file.storyboard; name = Base; path = Base.lproj/Main.storyboard; sourceTree = "<group>"; };
		25ABA7F22A3D1BA500549BE5 /* KittenDrop_macOS.entitlements */ = {isa = PBXFileReference; lastKnownFileType = text.plist.entitlements; path = KittenDrop_macOS.entitlements; sourceTree = "<group>"; };
/* End PBXFileReference section */

/* Begin PBXFrameworksBuildPhase section */
		25ABA7AD2A3D1BA500549BE5 /* Frameworks */ = {
			isa = PBXFrameworksBuildPhase;
			buildActionMask = 2147483647;
			files = (
			);
			runOnlyForDeploymentPostprocessing = 0;
		};
		25ABA7C82A3D1BA500549BE5 /* Frameworks */ = {
			isa = PBXFrameworksBuildPhase;
			buildActionMask = 2147483647;
			files = (
			);
			runOnlyForDeploymentPostprocessing = 0;
		};
		25ABA7D62A3D1BA500549BE5 /* Frameworks */ = {
			isa = PBXFrameworksBuildPhase;
			buildActionMask = 2147483647;
			files = (
			);
			runOnlyForDeploymentPostprocessing = 0;
		};
		25ABA7E62A3D1BA500549BE5 /* Frameworks */ = {
			isa = PBXFrameworksBuildPhase;
			buildActionMask = 2147483647;
			files = (
			);
			runOnlyForDeploymentPostprocessing = 0;
		};
/* End PBXFrameworksBuildPhase section */

/* Begin PBXGroup section */
		25ABA7A22A3D1BA200549BE5 = {
			isa = PBXGroup;
			children = (
				25ABA7A72A3D1BA200549BE5 /* KittenDrop Shared */,
				25ABA7B22A3D1BA500549BE5 /* KittenDrop iOS */,
				25ABA7C32A3D1BA500549BE5 /* KittenDrop watchOS App */,
				25ABA7CF2A3D1BA500549BE5 /* KittenDrop watchOS App Extension */,
				25ABA7DA2A3D1BA500549BE5 /* KittenDrop tvOS */,
				25ABA7EA2A3D1BA500549BE5 /* KittenDrop macOS */,
				25ABA7B12A3D1BA500549BE5 /* Products */,
			);
			sourceTree = "<group>";
		};
		25ABA7A72A3D1BA200549BE5 /* KittenDrop Shared */ = {
			isa = PBXGroup;
			children = (
				25ABA7A82A3D1BA200549BE5 /* Actions.sks */,
				25ABA7A92A3D1BA200549BE5 /* GameScene.sks */,
				25ABA7AA2A3D1BA200549BE5 /* GameScene.swift */,
				25ABA7AB2A3D1BA500549BE5 /* Assets.xcassets */,
			);
			path = "KittenDrop Shared";
			sourceTree = "<group>";
		};
		25ABA7B12A3D1BA500549BE5 /* Products */ = {
			isa = PBXGroup;
			children = (
				25ABA7B02A3D1BA500549BE5 /* KittenDrop.app */,
				25ABA7BF2A3D1BA500549BE5 /* KittenDrop.app */,
				25ABA7CB2A3D1BA500549BE5 /* KittenDrop Extension.appex */,
				25ABA7D92A3D1BA500549BE5 /* KittenDrop.app */,
				25ABA7E92A3D1BA500549BE5 /* KittenDrop.app */,
			);
			name = Products;
			sourceTree = "<group>";
		};
		25ABA7B22A3D1BA500549BE5 /* KittenDrop iOS */ = {
			isa = PBXGroup;
			children = (
				25ABA7B32A3D1BA500549BE5 /* AppDelegate.swift */,
				25ABA7B52A3D1BA500549BE5 /* GameViewController.swift */,
				25ABA7B72A3D1BA500549BE5 /* Main.storyboard */,
				25ABA7BA2A3D1BA500549BE5 /* LaunchScreen.storyboard */,
			);
			path = "KittenDrop iOS";
			sourceTree = "<group>";
		};
		25ABA7C32A3D1BA500549BE5 /* KittenDrop watchOS App */ = {
			isa = PBXGroup;
			children = (
				25ABA7C42A3D1BA500549BE5 /* Interface.storyboard */,
			);
			path = "KittenDrop watchOS App";
			sourceTree = "<group>";
		};
		25ABA7CF2A3D1BA500549BE5 /* KittenDrop watchOS App Extension */ = {
			isa = PBXGroup;
			children = (
				25ABA7D02A3D1BA500549BE5 /* InterfaceController.swift */,
				25ABA7D22A3D1BA500549BE5 /* ExtensionDelegate.swift */,
				25ABA7D42A3D1BA500549BE5 /* Info.plist */,
			);
			path = "KittenDrop watchOS App Extension";
			sourceTree = "<group>";
		};
		25ABA7DA2A3D1BA500549BE5 /* KittenDrop tvOS */ = {
			isa = PBXGroup;
			children = (
				25ABA7DB2A3D1BA500549BE5 /* AppDelegate.swift */,
				25ABA7DD2A3D1BA500549BE5 /* GameViewController.swift */,
				25ABA7DF2A3D1BA500549BE5 /* Main.storyboard */,
				25ABA7E22A3D1BA500549BE5 /* LaunchScreen.storyboard */,
			);
			path = "KittenDrop tvOS";
			sourceTree = "<group>";
		};
		25ABA7EA2A3D1BA500549BE5 /* KittenDrop macOS */ = {
			isa = PBXGroup;
			children = (
				25ABA7EB2A3D1BA500549BE5 /* AppDelegate.swift */,
				25ABA7ED2A3D1BA500549BE5 /* GameViewController.swift */,
				25ABA7EF2A3D1BA500549BE5 /* Main.storyboard */,
				25ABA7F22A3D1BA500549BE5 /* KittenDrop_macOS.entitlements */,
			);
			path = "KittenDrop macOS";
			sourceTree = "<group>";
		};
/* End PBXGroup section */

/* Begin PBXNativeTarget section */
		25ABA7AF2A3D1BA500549BE5 /* KittenDrop iOS */ = {
			isa = PBXNativeTarget;
			buildConfigurationList = 25ABA80C2A3D1BA500549BE5 /* Build configuration list for PBXNativeTarget "KittenDrop iOS" */;
			buildPhases = (
				25ABA7AC2A3D1BA500549BE5 /* Sources */,
				25ABA7AD2A3D1BA500549BE5 /* Frameworks */,
				25ABA7AE2A3D1BA500549BE5 /* Resources */,
				25ABA80B2A3D1BA500549BE5 /* Embed Watch Content */,
			);
			buildRules = (
			);
			dependencies = (
				25ABA7C22A3D1BA500549BE5 /* PBXTargetDependency */,
			);
			name = "KittenDrop iOS";
			productName = "KittenDrop iOS";
			productReference = 25ABA7B02A3D1BA500549BE5 /* KittenDrop.app */;
			productType = "com.apple.product-type.application";
		};
		25ABA7BE2A3D1BA500549BE5 /* KittenDrop watchOS App */ = {
			isa = PBXNativeTarget;
			buildConfigurationList = 25ABA8082A3D1BA500549BE5 /* Build configuration list for PBXNativeTarget "KittenDrop watchOS App" */;
			buildPhases = (
				25ABA7BD2A3D1BA500549BE5 /* Resources */,
				25ABA8072A3D1BA500549BE5 /* Embed App Extensions */,
			);
			buildRules = (
			);
			dependencies = (
				25ABA7CE2A3D1BA500549BE5 /* PBXTargetDependency */,
			);
			name = "KittenDrop watchOS App";
			productName = "KittenDrop watchOS App";
			productReference = 25ABA7BF2A3D1BA500549BE5 /* KittenDrop.app */;
			productType = "com.apple.product-type.application.watchapp2";
		};
		25ABA7CA2A3D1BA500549BE5 /* KittenDrop watchOS App Extension */ = {
			isa = PBXNativeTarget;
			buildConfigurationList = 25ABA8042A3D1BA500549BE5 /* Build configuration list for PBXNativeTarget "KittenDrop watchOS App Extension" */;
			buildPhases = (
				25ABA7C72A3D1BA500549BE5 /* Sources */,
				25ABA7C82A3D1BA500549BE5 /* Frameworks */,
				25ABA7C92A3D1BA500549BE5 /* Resources */,
			);
			buildRules = (
			);
			dependencies = (
			);
			name = "KittenDrop watchOS App Extension";
			productName = "KittenDrop watchOS App Extension";
			productReference = 25ABA7CB2A3D1BA500549BE5 /* KittenDrop Extension.appex */;
			productType = "com.apple.product-type.watchkit2-extension";
		};
		25ABA7D82A3D1BA500549BE5 /* KittenDrop tvOS */ = {
			isa = PBXNativeTarget;
			buildConfigurationList = 25ABA80F2A3D1BA500549BE5 /* Build configuration list for PBXNativeTarget "KittenDrop tvOS" */;
			buildPhases = (
				25ABA7D52A3D1BA500549BE5 /* Sources */,
				25ABA7D62A3D1BA500549BE5 /* Frameworks */,
				25ABA7D72A3D1BA500549BE5 /* Resources */,
			);
			buildRules = (
			);
			dependencies = (
			);
			name = "KittenDrop tvOS";
			productName = "KittenDrop tvOS";
			productReference = 25ABA7D92A3D1BA500549BE5 /* KittenDrop.app */;
			productType = "com.apple.product-type.application";
		};
		25ABA7E82A3D1BA500549BE5 /* KittenDrop macOS */ = {
			isa = PBXNativeTarget;
			buildConfigurationList = 25ABA8122A3D1BA500549BE5 /* Build configuration list for PBXNativeTarget "KittenDrop macOS" */;
			buildPhases = (
				25ABA7E52A3D1BA500549BE5 /* Sources */,
				25ABA7E62A3D1BA500549BE5 /* Frameworks */,
				25ABA7E72A3D1BA500549BE5 /* Resources */,
			);
			buildRules = (
			);
			dependencies = (
			);
			name = "KittenDrop macOS";
			productName = "KittenDrop macOS";
			productReference = 25ABA7E92A3D1BA500549BE5 /* KittenDrop.app */;
			productType = "com.apple.product-type.application";
		};
/* End PBXNativeTarget section */

/* Begin PBXProject section */
		25ABA7A32A3D1BA200549BE5 /* Project object */ = {
			isa = PBXProject;
			attributes = {
				BuildIndependentTargetsInParallel = 1;
				LastSwiftUpdateCheck = 1340;
				LastUpgradeCheck = 1340;
				TargetAttributes = {
					25ABA7AF2A3D1BA500549BE5 = {
						CreatedOnToolsVersion = 13.4.1;
					};
					25ABA7BE2A3D1BA500549BE5 = {
						CreatedOnToolsVersion = 13.4.1;
					};
					25ABA7CA2A3D1BA500549BE5 = {
						CreatedOnToolsVersion = 13.4.1;
					};
					25ABA7D82A3D1BA500549BE5 = {
						CreatedOnToolsVersion = 13.4.1;
					};
					25ABA7E82A3D1BA500549BE5 = {
						CreatedOnToolsVersion = 13.4.1;
					};
				};
			};
			buildConfigurationList = 25ABA7A62A3D1BA200549BE5 /* Build configuration list for PBXProject "KittenDrop" */;
			compatibilityVersion = "Xcode 13.0";
			developmentRegion = en;
			hasScannedForEncodings = 0;
			knownRegions = (
				en,
				Base,
			);
			mainGroup = 25ABA7A22A3D1BA200549BE5;
			productRefGroup = 25ABA7B12A3D1BA500549BE5 /* Products */;
			projectDirPath = "";
			projectRoot = "";
			targets = (
				25ABA7AF2A3D1BA500549BE5 /* KittenDrop iOS */,
				25ABA7BE2A3D1BA500549BE5 /* KittenDrop watchOS App */,
				25ABA7CA2A3D1BA500549BE5 /* KittenDrop watchOS App Extension */,
				25ABA7D82A3D1BA500549BE5 /* KittenDrop tvOS */,
				25ABA7E82A3D1BA500549BE5 /* KittenDrop macOS */,
			);
		};
/* End PBXProject section */

/* Begin PBXResourcesBuildPhase section */
		25ABA7AE2A3D1BA500549BE5 /* Resources */ = {
			isa = PBXResourcesBuildPhase;
			buildActionMask = 2147483647;
			files = (
				25ABA7F62A3D1BA500549BE5 /* GameScene.sks in Resources */,
				25ABA7B92A3D1BA500549BE5 /* Main.storyboard in Resources */,
				25ABA7F32A3D1BA500549BE5 /* Actions.sks in Resources */,
				25ABA7BC2A3D1BA500549BE5 /* LaunchScreen.storyboard in Resources */,
				25ABA7FE2A3D1BA500549BE5 /* Assets.xcassets in Resources */,
			);
			runOnlyForDeploymentPostprocessing = 0;
		};
		25ABA7BD2A3D1BA500549BE5 /* Resources */ = {
			isa = PBXResourcesBuildPhase;
			buildActionMask = 2147483647;
			files = (
				25ABA7FF2A3D1BA500549BE5 /* Assets.xcassets in Resources */,
				25ABA7C62A3D1BA500549BE5 /* Interface.storyboard in Resources */,
			);
			runOnlyForDeploymentPostprocessing = 0;
		};
		25ABA7C92A3D1BA500549BE5 /* Resources */ = {
			isa = PBXResourcesBuildPhase;
			buildActionMask = 2147483647;
			files = (
				25ABA7F72A3D1BA500549BE5 /* GameScene.sks in Resources */,
			);
			runOnlyForDeploymentPostprocessing = 0;
		};
		25ABA7D72A3D1BA500549BE5 /* Resources */ = {
			isa = PBXResourcesBuildPhase;
			buildActionMask = 2147483647;
			files = (
				25ABA7F82A3D1BA500549BE5 /* GameScene.sks in Resources */,
				25ABA7E12A3D1BA500549BE5 /* Main.storyboard in Resources */,
				25ABA7F42A3D1BA500549BE5 /* Actions.sks in Resources */,
				25ABA7E42A3D1BA500549BE5 /* LaunchScreen.storyboard in Resources */,
				25ABA8002A3D1BA500549BE5 /* Assets.xcassets in Resources */,
			);
			runOnlyForDeploymentPostprocessing = 0;
		};
		25ABA7E72A3D1BA500549BE5 /* Resources */ = {
			isa = PBXResourcesBuildPhase;
			buildActionMask = 2147483647;
			files = (
				25ABA7F12A3D1BA500549BE5 /* Main.storyboard in Resources */,
				25ABA7F92A3D1BA500549BE5 /* GameScene.sks in Resources */,
				25ABA8012A3D1BA500549BE5 /* Assets.xcassets in Resources */,
				25ABA7F52A3D1BA500549BE5 /* Actions.sks in Resources */,
			);
			runOnlyForDeploymentPostprocessing = 0;
		};
/* End PBXResourcesBuildPhase section */

/* Begin PBXSourcesBuildPhase section */
		25ABA7AC2A3D1BA500549BE5 /* Sources */ = {
			isa = PBXSourcesBuildPhase;
			buildActionMask = 2147483647;
			files = (
				25ABA7FA2A3D1BA500549BE5 /* GameScene.swift in Sources */,
				25ABA7B62A3D1BA500549BE5 /* GameViewController.swift in Sources */,
				25ABA7B42A3D1BA500549BE5 /* AppDelegate.swift in Sources */,
			);
			runOnlyForDeploymentPostprocessing = 0;
		};
		25ABA7C72A3D1BA500549BE5 /* Sources */ = {
			isa = PBXSourcesBuildPhase;
			buildActionMask = 2147483647;
			files = (
				25ABA7FB2A3D1BA500549BE5 /* GameScene.swift in Sources */,
				25ABA7D32A3D1BA500549BE5 /* ExtensionDelegate.swift in Sources */,
				25ABA7D12A3D1BA500549BE5 /* InterfaceController.swift in Sources */,
			);
			runOnlyForDeploymentPostprocessing = 0;
		};
		25ABA7D52A3D1BA500549BE5 /* Sources */ = {
			isa = PBXSourcesBuildPhase;
			buildActionMask = 2147483647;
			files = (
				25ABA7FC2A3D1BA500549BE5 /* GameScene.swift in Sources */,
				25ABA7DE2A3D1BA500549BE5 /* GameViewController.swift in Sources */,
				25ABA7DC2A3D1BA500549BE5 /* AppDelegate.swift in Sources */,
			);
			runOnlyForDeploymentPostprocessing = 0;
		};
		25ABA7E52A3D1BA500549BE5 /* Sources */ = {
			isa = PBXSourcesBuildPhase;
			buildActionMask = 2147483647;
			files = (
				25ABA7FD2A3D1BA500549BE5 /* GameScene.swift in Sources */,
				25ABA7EE2A3D1BA500549BE5 /* GameViewController.swift in Sources */,
				25ABA7EC2A3D1BA500549BE5 /* AppDelegate.swift in Sources */,
			);
			runOnlyForDeploymentPostprocessing = 0;
		};
/* End PBXSourcesBuildPhase section */

/* Begin PBXTargetDependency section */
		25ABA7C22A3D1BA500549BE5 /* PBXTargetDependency */ = {
			isa = PBXTargetDependency;
			target = 25ABA7BE2A3D1BA500549BE5 /* KittenDrop watchOS App */;
			targetProxy = 25ABA7C12A3D1BA500549BE5 /* PBXContainerItemProxy */;
		};
		25ABA7CE2A3D1BA500549BE5 /* PBXTargetDependency */ = {
			isa = PBXTargetDependency;
			target = 25ABA7CA2A3D1BA500549BE5 /* KittenDrop watchOS App Extension */;
			targetProxy = 25ABA7CD2A3D1BA500549BE5 /* PBXContainerItemProxy */;
		};
/* End PBXTargetDependency section */

/* Begin PBXVariantGroup section */
		25ABA7B72A3D1BA500549BE5 /* Main.storyboard */ = {
			isa = PBXVariantGroup;
			children = (
				25ABA7B82A3D1BA500549BE5 /* Base */,
			);
			name = Main.storyboard;
			sourceTree = "<group>";
		};
		25ABA7BA2A3D1BA500549BE5 /* LaunchScreen.storyboard */ = {
			isa = PBXVariantGroup;
			children = (
				25ABA7BB2A3D1BA500549BE5 /* Base */,
			);
			name = LaunchScreen.storyboard;
			sourceTree = "<group>";
		};
		25ABA7C42A3D1BA500549BE5 /* Interface.storyboard */ = {
			isa = PBXVariantGroup;
			children = (
				25ABA7C52A3D1BA500549BE5 /* Base */,
			);
			name = Interface.storyboard;
			sourceTree = "<group>";
		};
		25ABA7DF2A3D1BA500549BE5 /* Main.storyboard */ = {
			isa = PBXVariantGroup;
			children = (
				25ABA7E02A3D1BA500549BE5 /* Base */,
			);
			name = Main.storyboard;
			sourceTree = "<group>";
		};
		25ABA7E22A3D1BA500549BE5 /* LaunchScreen.storyboard */ = {
			isa = PBXVariantGroup;
			children = (
				25ABA7E32A3D1BA500549BE5 /* Base */,
			);
			name = LaunchScreen.storyboard;
			sourceTree = "<group>";
		};
		25ABA7EF2A3D1BA500549BE5 /* Main.storyboard */ = {
			isa = PBXVariantGroup;
			children = (
				25ABA7F02A3D1BA500549BE5 /* Base */,
			);
			name = Main.storyboard;
			sourceTree = "<group>";
		};
/* End PBXVariantGroup section */

/* Begin XCBuildConfiguration section */
		25ABA8022A3D1BA500549BE5 /* Debug */ = {
			isa = XCBuildConfiguration;
			buildSettings = {
				ALWAYS_SEARCH_USER_PATHS = NO;
				CLANG_ANALYZER_NONNULL = YES;
				CLANG_ANALYZER_NUMBER_OBJECT_CONVERSION = YES_AGGRESSIVE;
				CLANG_CXX_LANGUAGE_STANDARD = "gnu++17";
				CLANG_ENABLE_MODULES = YES;
				CLANG_ENABLE_OBJC_ARC = YES;
				CLANG_ENABLE_OBJC_WEAK = YES;
				CLANG_WARN_BLOCK_CAPTURE_AUTORELEASING = YES;
				CLANG_WARN_BOOL_CONVERSION = YES;
				CLANG_WARN_COMMA = YES;
				CLANG_WARN_CONSTANT_CONVERSION = YES;
				CLANG_WARN_DEPRECATED_OBJC_IMPLEMENTATIONS = YES;
				CLANG_WARN_DIRECT_OBJC_ISA_USAGE = YES_ERROR;
				CLANG_WARN_DOCUMENTATION_COMMENTS = YES;
				CLANG_WARN_EMPTY_BODY = YES;
				CLANG_WARN_ENUM_CONVERSION = YES;
				CLANG_WARN_INFINITE_RECURSION = YES;
				CLANG_WARN_INT_CONVERSION = YES;
				CLANG_WARN_NON_LITERAL_NULL_CONVERSION = YES;
				CLANG_WARN_OBJC_IMPLICIT_RETAIN_SELF = YES;
				CLANG_WARN_OBJC_LITERAL_CONVERSION = YES;
				CLANG_WARN_OBJC_ROOT_CLASS = YES_ERROR;
				CLANG_WARN_QUOTED_INCLUDE_IN_FRAMEWORK_HEADER = YES;
				CLANG_WARN_RANGE_LOOP_ANALYSIS = YES;
				CLANG_WARN_STRICT_PROTOTYPES = YES;
				CLANG_WARN_SUSPICIOUS_MOVE = YES;
				CLANG_WARN_UNGUARDED_AVAILABILITY = YES_AGGRESSIVE;
				CLANG_WARN_UNREACHABLE_CODE = YES;
				CLANG_WARN__DUPLICATE_METHOD_MATCH = YES;
				COPY_PHASE_STRIP = NO;
				DEBUG_INFORMATION_FORMAT = dwarf;
				ENABLE_STRICT_OBJC_MSGSEND = YES;
				ENABLE_TESTABILITY = YES;
				GCC_C_LANGUAGE_STANDARD = gnu11;
				GCC_DYNAMIC_NO_PIC = NO;
				GCC_NO_COMMON_BLOCKS = YES;
				GCC_OPTIMIZATION_LEVEL = 0;
				GCC_PREPROCESSOR_DEFINITIONS = (
					"DEBUG=1",
					"$(inherited)",
				);
				GCC_WARN_64_TO_32_BIT_CONVERSION = YES;
				GCC_WARN_ABOUT_RETURN_TYPE = YES_ERROR;
				GCC_WARN_UNDECLARED_SELECTOR = YES;
				GCC_WARN_UNINITIALIZED_AUTOS = YES_AGGRESSIVE;
				GCC_WARN_UNUSED_FUNCTION = YES;
				GCC_WARN_UNUSED_VARIABLE = YES;
				MTL_ENABLE_DEBUG_INFO = INCLUDE_SOURCE;
				MTL_FAST_MATH = YES;
				ONLY_ACTIVE_ARCH = YES;
				SWIFT_ACTIVE_COMPILATION_CONDITIONS = DEBUG;
				SWIFT_OPTIMIZATION_LEVEL = "-Onone";
			};
			name = Debug;
		};
		25ABA8032A3D1BA500549BE5 /* Release */ = {
			isa = XCBuildConfiguration;
			buildSettings = {
				ALWAYS_SEARCH_USER_PATHS = NO;
				CLANG_ANALYZER_NONNULL = YES;
				CLANG_ANALYZER_NUMBER_OBJECT_CONVERSION = YES_AGGRESSIVE;
				CLANG_CXX_LANGUAGE_STANDARD = "gnu++17";
				CLANG_ENABLE_MODULES = YES;
				CLANG_ENABLE_OBJC_ARC = YES;
				CLANG_ENABLE_OBJC_WEAK = YES;
				CLANG_WARN_BLOCK_CAPTURE_AUTORELEASING = YES;
				CLANG_WARN_BOOL_CONVERSION = YES;
				CLANG_WARN_COMMA = YES;
				CLANG_WARN_CONSTANT_CONVERSION = YES;
				CLANG_WARN_DEPRECATED_OBJC_IMPLEMENTATIONS = YES;
				CLANG_WARN_DIRECT_OBJC_ISA_USAGE = YES_ERROR;
				CLANG_WARN_DOCUMENTATION_COMMENTS = YES;
				CLANG_WARN_EMPTY_BODY = YES;
				CLANG_WARN_ENUM_CONVERSION = YES;
				CLANG_WARN_INFINITE_RECURSION = YES;
				CLANG_WARN_INT_CONVERSION = YES;
				CLANG_WARN_NON_LITERAL_NULL_CONVERSION = YES;
				CLANG_WARN_OBJC_IMPLICIT_RETAIN_SELF = YES;
				CLANG_WARN_OBJC_LITERAL_CONVERSION = YES;
				CLANG_WARN_OBJC_ROOT_CLASS = YES_ERROR;
				CLANG_WARN_QUOTED_INCLUDE_IN_FRAMEWORK_HEADER = YES;
				CLANG_WARN_RANGE_LOOP_ANALYSIS = YES;
				CLANG_WARN_STRICT_PROTOTYPES = YES;
				CLANG_WARN_SUSPICIOUS_MOVE = YES;
				CLANG_WARN_UNGUARDED_AVAILABILITY = YES_AGGRESSIVE;
				CLANG_WARN_UNREACHABLE_CODE = YES;
				CLANG_WARN__DUPLICATE_METHOD_MATCH = YES;
				COPY_PHASE_STRIP = NO;
				DEBUG_INFORMATION_FORMAT = "dwarf-with-dsym";
				ENABLE_NS_ASSERTIONS = NO;
				ENABLE_STRICT_OBJC_MSGSEND = YES;
				GCC_C_LANGUAGE_STANDARD = gnu11;
				GCC_NO_COMMON_BLOCKS = YES;
				GCC_WARN_64_TO_32_BIT_CONVERSION = YES;
				GCC_WARN_ABOUT_RETURN_TYPE = YES_ERROR;
				GCC_WARN_UNDECLARED_SELECTOR = YES;
				GCC_WARN_UNINITIALIZED_AUTOS = YES_AGGRESSIVE;
				GCC_WARN_UNUSED_FUNCTION = YES;
				GCC_WARN_UNUSED_VARIABLE = YES;
				MTL_ENABLE_DEBUG_INFO = NO;
				MTL_FAST_MATH = YES;
				SWIFT_COMPILATION_MODE = wholemodule;
				SWIFT_OPTIMIZATION_LEVEL = "-O";
			};
			name = Release;
		};
		25ABA8052A3D1BA500549BE5 /* Debug */ = {
			isa = XCBuildConfiguration;
			buildSettings = {
				CODE_SIGN_STYLE = Automatic;
				CURRENT_PROJECT_VERSION = 1;
				DEVELOPMENT_TEAM = SMWT3M3546;
				GENERATE_INFOPLIST_FILE = YES;
				INFOPLIST_FILE = "KittenDrop watchOS App Extension/Info.plist";
				INFOPLIST_KEY_CFBundleDisplayName = "KittenDrop watchOS App Extension";
				INFOPLIST_KEY_NSHumanReadableCopyright = "";
				INFOPLIST_KEY_WKExtensionDelegateClassName = "$(PRODUCT_MODULE_NAME).ExtensionDelegate";
				LD_RUNPATH_SEARCH_PATHS = (
					"$(inherited)",
					"@executable_path/Frameworks",
					"@executable_path/../../Frameworks",
				);
				MARKETING_VERSION = 1.0;
				PRODUCT_BUNDLE_IDENTIFIER = BubsInc.KittenDrop.watchkitapp.watchkitextension;
				PRODUCT_NAME = "KittenDrop Extension";
				SDKROOT = watchos;
				SKIP_INSTALL = YES;
				SWIFT_EMIT_LOC_STRINGS = YES;
				SWIFT_VERSION = 5.0;
				TARGETED_DEVICE_FAMILY = 4;
				WATCHOS_DEPLOYMENT_TARGET = 8.5;
			};
			name = Debug;
		};
		25ABA8062A3D1BA500549BE5 /* Release */ = {
			isa = XCBuildConfiguration;
			buildSettings = {
				CODE_SIGN_STYLE = Automatic;
				CURRENT_PROJECT_VERSION = 1;
				DEVELOPMENT_TEAM = SMWT3M3546;
				GENERATE_INFOPLIST_FILE = YES;
				INFOPLIST_FILE = "KittenDrop watchOS App Extension/Info.plist";
				INFOPLIST_KEY_CFBundleDisplayName = "KittenDrop watchOS App Extension";
				INFOPLIST_KEY_NSHumanReadableCopyright = "";
				INFOPLIST_KEY_WKExtensionDelegateClassName = "$(PRODUCT_MODULE_NAME).ExtensionDelegate";
				LD_RUNPATH_SEARCH_PATHS = (
					"$(inherited)",
					"@executable_path/Frameworks",
					"@executable_path/../../Frameworks",
				);
				MARKETING_VERSION = 1.0;
				PRODUCT_BUNDLE_IDENTIFIER = BubsInc.KittenDrop.watchkitapp.watchkitextension;
				PRODUCT_NAME = "KittenDrop Extension";
				SDKROOT = watchos;
				SKIP_INSTALL = YES;
				SWIFT_EMIT_LOC_STRINGS = YES;
				SWIFT_VERSION = 5.0;
				TARGETED_DEVICE_FAMILY = 4;
				VALIDATE_PRODUCT = YES;
				WATCHOS_DEPLOYMENT_TARGET = 8.5;
			};
			name = Release;
		};
		25ABA8092A3D1BA500549BE5 /* Debug */ = {
			isa = XCBuildConfiguration;
			buildSettings = {
				ALWAYS_EMBED_SWIFT_STANDARD_LIBRARIES = YES;
				ASSETCATALOG_COMPILER_APPICON_NAME = AppIcon;
				ASSETCATALOG_COMPILER_GLOBAL_ACCENT_COLOR_NAME = AccentColor;
				CODE_SIGN_STYLE = Automatic;
				CURRENT_PROJECT_VERSION = 1;
				DEVELOPMENT_TEAM = SMWT3M3546;
				GENERATE_INFOPLIST_FILE = YES;
				IBSC_MODULE = KittenDrop_Extension;
				INFOPLIST_KEY_CFBundleDisplayName = KittenDrop;
				INFOPLIST_KEY_UISupportedInterfaceOrientations = "UIInterfaceOrientationPortrait UIInterfaceOrientationPortraitUpsideDown";
				INFOPLIST_KEY_WKCompanionAppBundleIdentifier = BubsInc.KittenDrop;
				MARKETING_VERSION = 1.0;
				PRODUCT_BUNDLE_IDENTIFIER = BubsInc.KittenDrop.watchkitapp;
				PRODUCT_NAME = KittenDrop;
				SDKROOT = watchos;
				SKIP_INSTALL = YES;
				SWIFT_EMIT_LOC_STRINGS = YES;
				SWIFT_VERSION = 5.0;
				TARGETED_DEVICE_FAMILY = 4;
				WATCHOS_DEPLOYMENT_TARGET = 8.5;
			};
			name = Debug;
		};
		25ABA80A2A3D1BA500549BE5 /* Release */ = {
			isa = XCBuildConfiguration;
			buildSettings = {
				ALWAYS_EMBED_SWIFT_STANDARD_LIBRARIES = YES;
				ASSETCATALOG_COMPILER_APPICON_NAME = AppIcon;
				ASSETCATALOG_COMPILER_GLOBAL_ACCENT_COLOR_NAME = AccentColor;
				CODE_SIGN_STYLE = Automatic;
				CURRENT_PROJECT_VERSION = 1;
				DEVELOPMENT_TEAM = SMWT3M3546;
				GENERATE_INFOPLIST_FILE = YES;
				IBSC_MODULE = KittenDrop_Extension;
				INFOPLIST_KEY_CFBundleDisplayName = KittenDrop;
				INFOPLIST_KEY_UISupportedInterfaceOrientations = "UIInterfaceOrientationPortrait UIInterfaceOrientationPortraitUpsideDown";
				INFOPLIST_KEY_WKCompanionAppBundleIdentifier = BubsInc.KittenDrop;
				MARKETING_VERSION = 1.0;
				PRODUCT_BUNDLE_IDENTIFIER = BubsInc.KittenDrop.watchkitapp;
				PRODUCT_NAME = KittenDrop;
				SDKROOT = watchos;
				SKIP_INSTALL = YES;
				SWIFT_EMIT_LOC_STRINGS = YES;
				SWIFT_VERSION = 5.0;
				TARGETED_DEVICE_FAMILY = 4;
				VALIDATE_PRODUCT = YES;
				WATCHOS_DEPLOYMENT_TARGET = 8.5;
			};
			name = Release;
		};
		25ABA80D2A3D1BA500549BE5 /* Debug */ = {
			isa = XCBuildConfiguration;
			buildSettings = {
				ASSETCATALOG_COMPILER_APPICON_NAME = AppIcon;
				ASSETCATALOG_COMPILER_GLOBAL_ACCENT_COLOR_NAME = AccentColor;
				CODE_SIGN_STYLE = Automatic;
				CURRENT_PROJECT_VERSION = 1;
				DEVELOPMENT_TEAM = SMWT3M3546;
				GENERATE_INFOPLIST_FILE = YES;
				INFOPLIST_KEY_UIApplicationSupportsIndirectInputEvents = YES;
				INFOPLIST_KEY_UILaunchStoryboardName = LaunchScreen;
				INFOPLIST_KEY_UIMainStoryboardFile = Main;
				INFOPLIST_KEY_UIStatusBarHidden = YES;
				INFOPLIST_KEY_UISupportedInterfaceOrientations_iPad = "UIInterfaceOrientationPortrait UIInterfaceOrientationPortraitUpsideDown UIInterfaceOrientationLandscapeLeft UIInterfaceOrientationLandscapeRight";
				INFOPLIST_KEY_UISupportedInterfaceOrientations_iPhone = "UIInterfaceOrientationPortrait UIInterfaceOrientationLandscapeLeft UIInterfaceOrientationLandscapeRight";
				IPHONEOS_DEPLOYMENT_TARGET = 15.5;
				LD_RUNPATH_SEARCH_PATHS = (
					"$(inherited)",
					"@executable_path/Frameworks",
				);
				MARKETING_VERSION = 1.0;
				PRODUCT_BUNDLE_IDENTIFIER = BubsInc.KittenDrop;
				PRODUCT_NAME = KittenDrop;
				SDKROOT = iphoneos;
				SWIFT_EMIT_LOC_STRINGS = YES;
				SWIFT_VERSION = 5.0;
				TARGETED_DEVICE_FAMILY = "1,2";
			};
			name = Debug;
		};
		25ABA80E2A3D1BA500549BE5 /* Release */ = {
			isa = XCBuildConfiguration;
			buildSettings = {
				ASSETCATALOG_COMPILER_APPICON_NAME = AppIcon;
				ASSETCATALOG_COMPILER_GLOBAL_ACCENT_COLOR_NAME = AccentColor;
				CODE_SIGN_STYLE = Automatic;
				CURRENT_PROJECT_VERSION = 1;
				DEVELOPMENT_TEAM = SMWT3M3546;
				GENERATE_INFOPLIST_FILE = YES;
				INFOPLIST_KEY_UIApplicationSupportsIndirectInputEvents = YES;
				INFOPLIST_KEY_UILaunchStoryboardName = LaunchScreen;
				INFOPLIST_KEY_UIMainStoryboardFile = Main;
				INFOPLIST_KEY_UIStatusBarHidden = YES;
				INFOPLIST_KEY_UISupportedInterfaceOrientations_iPad = "UIInterfaceOrientationPortrait UIInterfaceOrientationPortraitUpsideDown UIInterfaceOrientationLandscapeLeft UIInterfaceOrientationLandscapeRight";
				INFOPLIST_KEY_UISupportedInterfaceOrientations_iPhone = "UIInterfaceOrientationPortrait UIInterfaceOrientationLandscapeLeft UIInterfaceOrientationLandscapeRight";
				IPHONEOS_DEPLOYMENT_TARGET = 15.5;
				LD_RUNPATH_SEARCH_PATHS = (
					"$(inherited)",
					"@executable_path/Frameworks",
				);
				MARKETING_VERSION = 1.0;
				PRODUCT_BUNDLE_IDENTIFIER = BubsInc.KittenDrop;
				PRODUCT_NAME = KittenDrop;
				SDKROOT = iphoneos;
				SWIFT_EMIT_LOC_STRINGS = YES;
				SWIFT_VERSION = 5.0;
				TARGETED_DEVICE_FAMILY = "1,2";
				VALIDATE_PRODUCT = YES;
			};
			name = Release;
		};
		25ABA8102A3D1BA500549BE5 /* Debug */ = {
			isa = XCBuildConfiguration;
			buildSettings = {
				ASSETCATALOG_COMPILER_APPICON_NAME = "tvOS App Icon & Top Shelf Image";
				ASSETCATALOG_COMPILER_GLOBAL_ACCENT_COLOR_NAME = AccentColor;
				CODE_SIGN_STYLE = Automatic;
				CURRENT_PROJECT_VERSION = 1;
				DEVELOPMENT_TEAM = SMWT3M3546;
				GENERATE_INFOPLIST_FILE = YES;
				INFOPLIST_KEY_UILaunchStoryboardName = LaunchScreen;
				INFOPLIST_KEY_UIMainStoryboardFile = Main;
				INFOPLIST_KEY_UIUserInterfaceStyle = Automatic;
				LD_RUNPATH_SEARCH_PATHS = (
					"$(inherited)",
					"@executable_path/Frameworks",
				);
				MARKETING_VERSION = 1.0;
				PRODUCT_BUNDLE_IDENTIFIER = BubsInc.KittenDrop;
				PRODUCT_NAME = KittenDrop;
				SDKROOT = appletvos;
				SWIFT_EMIT_LOC_STRINGS = YES;
				SWIFT_VERSION = 5.0;
				TARGETED_DEVICE_FAMILY = 3;
				TVOS_DEPLOYMENT_TARGET = 15.4;
			};
			name = Debug;
		};
		25ABA8112A3D1BA500549BE5 /* Release */ = {
			isa = XCBuildConfiguration;
			buildSettings = {
				ASSETCATALOG_COMPILER_APPICON_NAME = "tvOS App Icon & Top Shelf Image";
				ASSETCATALOG_COMPILER_GLOBAL_ACCENT_COLOR_NAME = AccentColor;
				CODE_SIGN_STYLE = Automatic;
				CURRENT_PROJECT_VERSION = 1;
				DEVELOPMENT_TEAM = SMWT3M3546;
				GENERATE_INFOPLIST_FILE = YES;
				INFOPLIST_KEY_UILaunchStoryboardName = LaunchScreen;
				INFOPLIST_KEY_UIMainStoryboardFile = Main;
				INFOPLIST_KEY_UIUserInterfaceStyle = Automatic;
				LD_RUNPATH_SEARCH_PATHS = (
					"$(inherited)",
					"@executable_path/Frameworks",
				);
				MARKETING_VERSION = 1.0;
				PRODUCT_BUNDLE_IDENTIFIER = BubsInc.KittenDrop;
				PRODUCT_NAME = KittenDrop;
				SDKROOT = appletvos;
				SWIFT_EMIT_LOC_STRINGS = YES;
				SWIFT_VERSION = 5.0;
				TARGETED_DEVICE_FAMILY = 3;
				TVOS_DEPLOYMENT_TARGET = 15.4;
				VALIDATE_PRODUCT = YES;
			};
			name = Release;
		};
		25ABA8132A3D1BA500549BE5 /* Debug */ = {
			isa = XCBuildConfiguration;
			buildSettings = {
				ASSETCATALOG_COMPILER_APPICON_NAME = AppIcon;
				ASSETCATALOG_COMPILER_GLOBAL_ACCENT_COLOR_NAME = AccentColor;
				CODE_SIGN_ENTITLEMENTS = "KittenDrop macOS/KittenDrop_macOS.entitlements";
				CODE_SIGN_STYLE = Automatic;
				COMBINE_HIDPI_IMAGES = YES;
				CURRENT_PROJECT_VERSION = 1;
				DEVELOPMENT_TEAM = SMWT3M3546;
				ENABLE_HARDENED_RUNTIME = YES;
				GENERATE_INFOPLIST_FILE = YES;
				INFOPLIST_KEY_NSHumanReadableCopyright = "";
				INFOPLIST_KEY_NSMainStoryboardFile = Main;
				INFOPLIST_KEY_NSPrincipalClass = NSApplication;
				LD_RUNPATH_SEARCH_PATHS = (
					"$(inherited)",
					"@executable_path/../Frameworks",
				);
				MACOSX_DEPLOYMENT_TARGET = 12.3;
				MARKETING_VERSION = 1.0;
				PRODUCT_BUNDLE_IDENTIFIER = BubsInc.KittenDrop;
				PRODUCT_NAME = KittenDrop;
				SDKROOT = macosx;
				SWIFT_EMIT_LOC_STRINGS = YES;
				SWIFT_VERSION = 5.0;
			};
			name = Debug;
		};
		25ABA8142A3D1BA500549BE5 /* Release */ = {
			isa = XCBuildConfiguration;
			buildSettings = {
				ASSETCATALOG_COMPILER_APPICON_NAME = AppIcon;
				ASSETCATALOG_COMPILER_GLOBAL_ACCENT_COLOR_NAME = AccentColor;
				CODE_SIGN_ENTITLEMENTS = "KittenDrop macOS/KittenDrop_macOS.entitlements";
				CODE_SIGN_STYLE = Automatic;
				COMBINE_HIDPI_IMAGES = YES;
				CURRENT_PROJECT_VERSION = 1;
				DEVELOPMENT_TEAM = SMWT3M3546;
				ENABLE_HARDENED_RUNTIME = YES;
				GENERATE_INFOPLIST_FILE = YES;
				INFOPLIST_KEY_NSHumanReadableCopyright = "";
				INFOPLIST_KEY_NSMainStoryboardFile = Main;
				INFOPLIST_KEY_NSPrincipalClass = NSApplication;
				LD_RUNPATH_SEARCH_PATHS = (
					"$(inherited)",
					"@executable_path/../Frameworks",
				);
				MACOSX_DEPLOYMENT_TARGET = 12.3;
				MARKETING_VERSION = 1.0;
				PRODUCT_BUNDLE_IDENTIFIER = BubsInc.KittenDrop;
				PRODUCT_NAME = KittenDrop;
				SDKROOT = macosx;
				SWIFT_EMIT_LOC_STRINGS = YES;
				SWIFT_VERSION = 5.0;
			};
			name = Release;
		};
/* End XCBuildConfiguration section */

/* Begin XCConfigurationList section */
		25ABA7A62A3D1BA200549BE5 /* Build configuration list for PBXProject "KittenDrop" */ = {
			isa = XCConfigurationList;
			buildConfigurations = (
				25ABA8022A3D1BA500549BE5 /* Debug */,
				25ABA8032A3D1BA500549BE5 /* Release */,
			);
			defaultConfigurationIsVisible = 0;
			defaultConfigurationName = Release;
		};
		25ABA8042A3D1BA500549BE5 /* Build configuration list for PBXNativeTarget "KittenDrop watchOS App Extension" */ = {
			isa = XCConfigurationList;
			buildConfigurations = (
				25ABA8052A3D1BA500549BE5 /* Debug */,
				25ABA8062A3D1BA500549BE5 /* Release */,
			);
			defaultConfigurationIsVisible = 0;
			defaultConfigurationName = Release;
		};
		25ABA8082A3D1BA500549BE5 /* Build configuration list for PBXNativeTarget "KittenDrop watchOS App" */ = {
			isa = XCConfigurationList;
			buildConfigurations = (
				25ABA8092A3D1BA500549BE5 /* Debug */,
				25ABA80A2A3D1BA500549BE5 /* Release */,
			);
			defaultConfigurationIsVisible = 0;
			defaultConfigurationName = Release;
		};
		25ABA80C2A3D1BA500549BE5 /* Build configuration list for PBXNativeTarget "KittenDrop iOS" */ = {
			isa = XCConfigurationList;
			buildConfigurations = (
				25ABA80D2A3D1BA500549BE5 /* Debug */,
				25ABA80E2A3D1BA500549BE5 /* Release */,
			);
			defaultConfigurationIsVisible = 0;
			defaultConfigurationName = Release;
		};
		25ABA80F2A3D1BA500549BE5 /* Build configuration list for PBXNativeTarget "KittenDrop tvOS" */ = {
			isa = XCConfigurationList;
			buildConfigurations = (
				25ABA8102A3D1BA500549BE5 /* Debug */,
				25ABA8112A3D1BA500549BE5 /* Release */,
			);
			defaultConfigurationIsVisible = 0;
			defaultConfigurationName = Release;
		};
		25ABA8122A3D1BA500549BE5 /* Build configuration list for PBXNativeTarget "KittenDrop macOS" */ = {
			isa = XCConfigurationList;
			buildConfigurations = (
				25ABA8132A3D1BA500549BE5 /* Debug */,
				25ABA8142A3D1BA500549BE5 /* Release */,
			);
			defaultConfigurationIsVisible = 0;
			defaultConfigurationName = Release;
		};
/* End XCConfigurationList section */
	};
	rootObject = 25ABA7A32A3D1BA200549BE5 /* Project object */;
}
